// !$*UTF8*$!
{
	archiveVersion = 1;
	classes = {
	};
	objectVersion = 56;
	objects = {

/* Begin PBXBuildFile section */
		BCBC23692BA2BB1A001F671A /* AppDelegate.swift in Sources */ = {isa = PBXBuildFile; fileRef = BCBC23682BA2BB1A001F671A /* AppDelegate.swift */; };
		BCBC236B2BA2BB1A001F671A /* SceneDelegate.swift in Sources */ = {isa = PBXBuildFile; fileRef = BCBC236A2BA2BB1A001F671A /* SceneDelegate.swift */; };
		BCBC236D2BA2BB1A001F671A /* ViewController.swift in Sources */ = {isa = PBXBuildFile; fileRef = BCBC236C2BA2BB1A001F671A /* ViewController.swift */; };
		BCBC23702BA2BB1A001F671A /* Base in Resources */ = {isa = PBXBuildFile; fileRef = BCBC236F2BA2BB1A001F671A /* Base */; };
		BCBC23722BA2BB1B001F671A /* Assets.xcassets in Resources */ = {isa = PBXBuildFile; fileRef = BCBC23712BA2BB1B001F671A /* Assets.xcassets */; };
		BCBC23752BA2BB1B001F671A /* Base in Resources */ = {isa = PBXBuildFile; fileRef = BCBC23742BA2BB1B001F671A /* Base */; };
		BCBC23802BA2BB1B001F671A /* CatFancyUIKitTests.swift in Sources */ = {isa = PBXBuildFile; fileRef = BCBC237F2BA2BB1B001F671A /* CatFancyUIKitTests.swift */; };
		BCBC238A2BA2BB1B001F671A /* CatFancyUIKitUITests.swift in Sources */ = {isa = PBXBuildFile; fileRef = BCBC23892BA2BB1B001F671A /* CatFancyUIKitUITests.swift */; };
		BCBC238C2BA2BB1B001F671A /* CatFancyUIKitUITestsLaunchTests.swift in Sources */ = {isa = PBXBuildFile; fileRef = BCBC238B2BA2BB1B001F671A /* CatFancyUIKitUITestsLaunchTests.swift */; };
		BCBC239A2BA2BF60001F671A /* Breed.swift in Sources */ = {isa = PBXBuildFile; fileRef = BCBC23992BA2BF60001F671A /* Breed.swift */; };
		BCBC239C2BA2C04E001F671A /* License.swift in Sources */ = {isa = PBXBuildFile; fileRef = BCBC239B2BA2C04E001F671A /* License.swift */; };
		BCBC239F2BA2C0EA001F671A /* URLExtension.swift in Sources */ = {isa = PBXBuildFile; fileRef = BCBC239E2BA2C0EA001F671A /* URLExtension.swift */; };
		BCBC23A12BA2C1B5001F671A /* Breeds.swift in Sources */ = {isa = PBXBuildFile; fileRef = BCBC23A02BA2C1B5001F671A /* Breeds.swift */; };
		BCBC23A32BA2C233001F671A /* BreedsLoader.swift in Sources */ = {isa = PBXBuildFile; fileRef = BCBC23A22BA2C233001F671A /* BreedsLoader.swift */; };
/* End PBXBuildFile section */

/* Begin PBXContainerItemProxy section */
		BCBC237C2BA2BB1B001F671A /* PBXContainerItemProxy */ = {
			isa = PBXContainerItemProxy;
			containerPortal = BCBC235D2BA2BB1A001F671A /* Project object */;
			proxyType = 1;
			remoteGlobalIDString = BCBC23642BA2BB1A001F671A;
			remoteInfo = CatFancyUIKit;
		};
		BCBC23862BA2BB1B001F671A /* PBXContainerItemProxy */ = {
			isa = PBXContainerItemProxy;
			containerPortal = BCBC235D2BA2BB1A001F671A /* Project object */;
			proxyType = 1;
			remoteGlobalIDString = BCBC23642BA2BB1A001F671A;
			remoteInfo = CatFancyUIKit;
		};
/* End PBXContainerItemProxy section */

/* Begin PBXFileReference section */
		BCBC23652BA2BB1A001F671A /* CatFancyUIKit.app */ = {isa = PBXFileReference; explicitFileType = wrapper.application; includeInIndex = 0; path = CatFancyUIKit.app; sourceTree = BUILT_PRODUCTS_DIR; };
		BCBC23682BA2BB1A001F671A /* AppDelegate.swift */ = {isa = PBXFileReference; lastKnownFileType = sourcecode.swift; path = AppDelegate.swift; sourceTree = "<group>"; };
		BCBC236A2BA2BB1A001F671A /* SceneDelegate.swift */ = {isa = PBXFileReference; lastKnownFileType = sourcecode.swift; path = SceneDelegate.swift; sourceTree = "<group>"; };
		BCBC236C2BA2BB1A001F671A /* ViewController.swift */ = {isa = PBXFileReference; lastKnownFileType = sourcecode.swift; path = ViewController.swift; sourceTree = "<group>"; };
		BCBC236F2BA2BB1A001F671A /* Base */ = {isa = PBXFileReference; lastKnownFileType = file.storyboard; name = Base; path = Base.lproj/Main.storyboard; sourceTree = "<group>"; };
		BCBC23712BA2BB1B001F671A /* Assets.xcassets */ = {isa = PBXFileReference; lastKnownFileType = folder.assetcatalog; path = Assets.xcassets; sourceTree = "<group>"; };
		BCBC23742BA2BB1B001F671A /* Base */ = {isa = PBXFileReference; lastKnownFileType = file.storyboard; name = Base; path = Base.lproj/LaunchScreen.storyboard; sourceTree = "<group>"; };
		BCBC23762BA2BB1B001F671A /* Info.plist */ = {isa = PBXFileReference; lastKnownFileType = text.plist.xml; path = Info.plist; sourceTree = "<group>"; };
		BCBC237B2BA2BB1B001F671A /* CatFancyUIKitTests.xctest */ = {isa = PBXFileReference; explicitFileType = wrapper.cfbundle; includeInIndex = 0; path = CatFancyUIKitTests.xctest; sourceTree = BUILT_PRODUCTS_DIR; };
		BCBC237F2BA2BB1B001F671A /* CatFancyUIKitTests.swift */ = {isa = PBXFileReference; lastKnownFileType = sourcecode.swift; path = CatFancyUIKitTests.swift; sourceTree = "<group>"; };
		BCBC23852BA2BB1B001F671A /* CatFancyUIKitUITests.xctest */ = {isa = PBXFileReference; explicitFileType = wrapper.cfbundle; includeInIndex = 0; path = CatFancyUIKitUITests.xctest; sourceTree = BUILT_PRODUCTS_DIR; };
		BCBC23892BA2BB1B001F671A /* CatFancyUIKitUITests.swift */ = {isa = PBXFileReference; lastKnownFileType = sourcecode.swift; path = CatFancyUIKitUITests.swift; sourceTree = "<group>"; };
		BCBC238B2BA2BB1B001F671A /* CatFancyUIKitUITestsLaunchTests.swift */ = {isa = PBXFileReference; lastKnownFileType = sourcecode.swift; path = CatFancyUIKitUITestsLaunchTests.swift; sourceTree = "<group>"; };
		BCBC23992BA2BF60001F671A /* Breed.swift */ = {isa = PBXFileReference; lastKnownFileType = sourcecode.swift; path = Breed.swift; sourceTree = "<group>"; };
		BCBC239B2BA2C04E001F671A /* License.swift */ = {isa = PBXFileReference; lastKnownFileType = sourcecode.swift; path = License.swift; sourceTree = "<group>"; };
		BCBC239E2BA2C0EA001F671A /* URLExtension.swift */ = {isa = PBXFileReference; lastKnownFileType = sourcecode.swift; path = URLExtension.swift; sourceTree = "<group>"; };
		BCBC23A02BA2C1B5001F671A /* Breeds.swift */ = {isa = PBXFileReference; lastKnownFileType = sourcecode.swift; path = Breeds.swift; sourceTree = "<group>"; };
		BCBC23A22BA2C233001F671A /* BreedsLoader.swift */ = {isa = PBXFileReference; lastKnownFileType = sourcecode.swift; path = BreedsLoader.swift; sourceTree = "<group>"; };
/* End PBXFileReference section */

/* Begin PBXFrameworksBuildPhase section */
		BCBC23622BA2BB1A001F671A /* Frameworks */ = {
			isa = PBXFrameworksBuildPhase;
			buildActionMask = 2147483647;
			files = (
			);
			runOnlyForDeploymentPostprocessing = 0;
		};
		BCBC23782BA2BB1B001F671A /* Frameworks */ = {
			isa = PBXFrameworksBuildPhase;
			buildActionMask = 2147483647;
			files = (
			);
			runOnlyForDeploymentPostprocessing = 0;
		};
		BCBC23822BA2BB1B001F671A /* Frameworks */ = {
			isa = PBXFrameworksBuildPhase;
			buildActionMask = 2147483647;
			files = (
			);
			runOnlyForDeploymentPostprocessing = 0;
		};
/* End PBXFrameworksBuildPhase section */

/* Begin PBXGroup section */
		BCBC235C2BA2BB1A001F671A = {
			isa = PBXGroup;
			children = (
				BCBC23672BA2BB1A001F671A /* CatFancyUIKit */,
				BCBC237E2BA2BB1B001F671A /* CatFancyUIKitTests */,
				BCBC23882BA2BB1B001F671A /* CatFancyUIKitUITests */,
				BCBC23662BA2BB1A001F671A /* Products */,
			);
			sourceTree = "<group>";
		};
		BCBC23662BA2BB1A001F671A /* Products */ = {
			isa = PBXGroup;
			children = (
				BCBC23652BA2BB1A001F671A /* CatFancyUIKit.app */,
				BCBC237B2BA2BB1B001F671A /* CatFancyUIKitTests.xctest */,
				BCBC23852BA2BB1B001F671A /* CatFancyUIKitUITests.xctest */,
			);
			name = Products;
			sourceTree = "<group>";
		};
		BCBC23672BA2BB1A001F671A /* CatFancyUIKit */ = {
			isa = PBXGroup;
			children = (
				BCBC239D2BA2C0DC001F671A /* Helpers */,
				BCBC23982BA2BF51001F671A /* Models */,
				BCBC23682BA2BB1A001F671A /* AppDelegate.swift */,
				BCBC236A2BA2BB1A001F671A /* SceneDelegate.swift */,
				BCBC236C2BA2BB1A001F671A /* ViewController.swift */,
				BCBC236E2BA2BB1A001F671A /* Main.storyboard */,
				BCBC23712BA2BB1B001F671A /* Assets.xcassets */,
				BCBC23732BA2BB1B001F671A /* LaunchScreen.storyboard */,
				BCBC23762BA2BB1B001F671A /* Info.plist */,
			);
			path = CatFancyUIKit;
			sourceTree = "<group>";
		};
		BCBC237E2BA2BB1B001F671A /* CatFancyUIKitTests */ = {
			isa = PBXGroup;
			children = (
				BCBC237F2BA2BB1B001F671A /* CatFancyUIKitTests.swift */,
			);
			path = CatFancyUIKitTests;
			sourceTree = "<group>";
		};
		BCBC23882BA2BB1B001F671A /* CatFancyUIKitUITests */ = {
			isa = PBXGroup;
			children = (
				BCBC23892BA2BB1B001F671A /* CatFancyUIKitUITests.swift */,
				BCBC238B2BA2BB1B001F671A /* CatFancyUIKitUITestsLaunchTests.swift */,
			);
			path = CatFancyUIKitUITests;
			sourceTree = "<group>";
		};
		BCBC23982BA2BF51001F671A /* Models */ = {
			isa = PBXGroup;
			children = (
				BCBC23992BA2BF60001F671A /* Breed.swift */,
				BCBC239B2BA2C04E001F671A /* License.swift */,
				BCBC23A02BA2C1B5001F671A /* Breeds.swift */,
			);
			path = Models;
			sourceTree = "<group>";
		};
		BCBC239D2BA2C0DC001F671A /* Helpers */ = {
			isa = PBXGroup;
			children = (
				BCBC239E2BA2C0EA001F671A /* URLExtension.swift */,
				BCBC23A22BA2C233001F671A /* BreedsLoader.swift */,
			);
			path = Helpers;
			sourceTree = "<group>";
		};
/* End PBXGroup section */

/* Begin PBXNativeTarget section */
		BCBC23642BA2BB1A001F671A /* CatFancyUIKit */ = {
			isa = PBXNativeTarget;
			buildConfigurationList = BCBC238F2BA2BB1B001F671A /* Build configuration list for PBXNativeTarget "CatFancyUIKit" */;
			buildPhases = (
				BCBC23612BA2BB1A001F671A /* Sources */,
				BCBC23622BA2BB1A001F671A /* Frameworks */,
				BCBC23632BA2BB1A001F671A /* Resources */,
			);
			buildRules = (
			);
			dependencies = (
			);
			name = CatFancyUIKit;
			productName = CatFancyUIKit;
			productReference = BCBC23652BA2BB1A001F671A /* CatFancyUIKit.app */;
			productType = "com.apple.product-type.application";
		};
		BCBC237A2BA2BB1B001F671A /* CatFancyUIKitTests */ = {
			isa = PBXNativeTarget;
			buildConfigurationList = BCBC23922BA2BB1B001F671A /* Build configuration list for PBXNativeTarget "CatFancyUIKitTests" */;
			buildPhases = (
				BCBC23772BA2BB1B001F671A /* Sources */,
				BCBC23782BA2BB1B001F671A /* Frameworks */,
				BCBC23792BA2BB1B001F671A /* Resources */,
			);
			buildRules = (
			);
			dependencies = (
				BCBC237D2BA2BB1B001F671A /* PBXTargetDependency */,
			);
			name = CatFancyUIKitTests;
			productName = CatFancyUIKitTests;
			productReference = BCBC237B2BA2BB1B001F671A /* CatFancyUIKitTests.xctest */;
			productType = "com.apple.product-type.bundle.unit-test";
		};
		BCBC23842BA2BB1B001F671A /* CatFancyUIKitUITests */ = {
			isa = PBXNativeTarget;
			buildConfigurationList = BCBC23952BA2BB1B001F671A /* Build configuration list for PBXNativeTarget "CatFancyUIKitUITests" */;
			buildPhases = (
				BCBC23812BA2BB1B001F671A /* Sources */,
				BCBC23822BA2BB1B001F671A /* Frameworks */,
				BCBC23832BA2BB1B001F671A /* Resources */,
			);
			buildRules = (
			);
			dependencies = (
				BCBC23872BA2BB1B001F671A /* PBXTargetDependency */,
			);
			name = CatFancyUIKitUITests;
			productName = CatFancyUIKitUITests;
			productReference = BCBC23852BA2BB1B001F671A /* CatFancyUIKitUITests.xctest */;
			productType = "com.apple.product-type.bundle.ui-testing";
		};
/* End PBXNativeTarget section */

/* Begin PBXProject section */
		BCBC235D2BA2BB1A001F671A /* Project object */ = {
			isa = PBXProject;
			attributes = {
				BuildIndependentTargetsInParallel = 1;
				LastSwiftUpdateCheck = 1530;
				LastUpgradeCheck = 1530;
				TargetAttributes = {
					BCBC23642BA2BB1A001F671A = {
						CreatedOnToolsVersion = 15.3;
					};
					BCBC237A2BA2BB1B001F671A = {
						CreatedOnToolsVersion = 15.3;
						TestTargetID = BCBC23642BA2BB1A001F671A;
					};
					BCBC23842BA2BB1B001F671A = {
						CreatedOnToolsVersion = 15.3;
						TestTargetID = BCBC23642BA2BB1A001F671A;
					};
				};
			};
			buildConfigurationList = BCBC23602BA2BB1A001F671A /* Build configuration list for PBXProject "CatFancyUIKit" */;
			compatibilityVersion = "Xcode 14.0";
			developmentRegion = en;
			hasScannedForEncodings = 0;
			knownRegions = (
				en,
				Base,
			);
			mainGroup = BCBC235C2BA2BB1A001F671A;
			productRefGroup = BCBC23662BA2BB1A001F671A /* Products */;
			projectDirPath = "";
			projectRoot = "";
			targets = (
				BCBC23642BA2BB1A001F671A /* CatFancyUIKit */,
				BCBC237A2BA2BB1B001F671A /* CatFancyUIKitTests */,
				BCBC23842BA2BB1B001F671A /* CatFancyUIKitUITests */,
			);
		};
/* End PBXProject section */

/* Begin PBXResourcesBuildPhase section */
		BCBC23632BA2BB1A001F671A /* Resources */ = {
			isa = PBXResourcesBuildPhase;
			buildActionMask = 2147483647;
			files = (
				BCBC23722BA2BB1B001F671A /* Assets.xcassets in Resources */,
				BCBC23752BA2BB1B001F671A /* Base in Resources */,
				BCBC23702BA2BB1A001F671A /* Base in Resources */,
			);
			runOnlyForDeploymentPostprocessing = 0;
		};
		BCBC23792BA2BB1B001F671A /* Resources */ = {
			isa = PBXResourcesBuildPhase;
			buildActionMask = 2147483647;
			files = (
			);
			runOnlyForDeploymentPostprocessing = 0;
		};
		BCBC23832BA2BB1B001F671A /* Resources */ = {
			isa = PBXResourcesBuildPhase;
			buildActionMask = 2147483647;
			files = (
			);
			runOnlyForDeploymentPostprocessing = 0;
		};
/* End PBXResourcesBuildPhase section */

/* Begin PBXSourcesBuildPhase section */
		BCBC23612BA2BB1A001F671A /* Sources */ = {
			isa = PBXSourcesBuildPhase;
			buildActionMask = 2147483647;
			files = (
				BCBC23A12BA2C1B5001F671A /* Breeds.swift in Sources */,
				BCBC23A32BA2C233001F671A /* BreedsLoader.swift in Sources */,
				BCBC239A2BA2BF60001F671A /* Breed.swift in Sources */,
				BCBC236D2BA2BB1A001F671A /* ViewController.swift in Sources */,
				BCBC239C2BA2C04E001F671A /* License.swift in Sources */,
				BCBC23692BA2BB1A001F671A /* AppDelegate.swift in Sources */,
				BCBC236B2BA2BB1A001F671A /* SceneDelegate.swift in Sources */,
				BCBC239F2BA2C0EA001F671A /* URLExtension.swift in Sources */,
			);
			runOnlyForDeploymentPostprocessing = 0;
		};
		BCBC23772BA2BB1B001F671A /* Sources */ = {
			isa = PBXSourcesBuildPhase;
			buildActionMask = 2147483647;
			files = (
				BCBC23802BA2BB1B001F671A /* CatFancyUIKitTests.swift in Sources */,
			);
			runOnlyForDeploymentPostprocessing = 0;
		};
		BCBC23812BA2BB1B001F671A /* Sources */ = {
			isa = PBXSourcesBuildPhase;
			buildActionMask = 2147483647;
			files = (
				BCBC238C2BA2BB1B001F671A /* CatFancyUIKitUITestsLaunchTests.swift in Sources */,
				BCBC238A2BA2BB1B001F671A /* CatFancyUIKitUITests.swift in Sources */,
			);
			runOnlyForDeploymentPostprocessing = 0;
		};
/* End PBXSourcesBuildPhase section */

/* Begin PBXTargetDependency section */
		BCBC237D2BA2BB1B001F671A /* PBXTargetDependency */ = {
			isa = PBXTargetDependency;
			target = BCBC23642BA2BB1A001F671A /* CatFancyUIKit */;
			targetProxy = BCBC237C2BA2BB1B001F671A /* PBXContainerItemProxy */;
		};
		BCBC23872BA2BB1B001F671A /* PBXTargetDependency */ = {
			isa = PBXTargetDependency;
			target = BCBC23642BA2BB1A001F671A /* CatFancyUIKit */;
			targetProxy = BCBC23862BA2BB1B001F671A /* PBXContainerItemProxy */;
		};
/* End PBXTargetDependency section */

/* Begin PBXVariantGroup section */
		BCBC236E2BA2BB1A001F671A /* Main.storyboard */ = {
			isa = PBXVariantGroup;
			children = (
				BCBC236F2BA2BB1A001F671A /* Base */,
			);
			name = Main.storyboard;
			sourceTree = "<group>";
		};
		BCBC23732BA2BB1B001F671A /* LaunchScreen.storyboard */ = {
			isa = PBXVariantGroup;
			children = (
				BCBC23742BA2BB1B001F671A /* Base */,
			);
			name = LaunchScreen.storyboard;
			sourceTree = "<group>";
		};
/* End PBXVariantGroup section */

/* Begin XCBuildConfiguration section */
		BCBC238D2BA2BB1B001F671A /* Debug */ = {
			isa = XCBuildConfiguration;
			buildSettings = {
				ALWAYS_SEARCH_USER_PATHS = NO;
				ASSETCATALOG_COMPILER_GENERATE_SWIFT_ASSET_SYMBOL_EXTENSIONS = YES;
				CLANG_ANALYZER_NONNULL = YES;
				CLANG_ANALYZER_NUMBER_OBJECT_CONVERSION = YES_AGGRESSIVE;
				CLANG_CXX_LANGUAGE_STANDARD = "gnu++20";
				CLANG_ENABLE_MODULES = YES;
				CLANG_ENABLE_OBJC_ARC = YES;
				CLANG_ENABLE_OBJC_WEAK = YES;
				CLANG_WARN_BLOCK_CAPTURE_AUTORELEASING = YES;
				CLANG_WARN_BOOL_CONVERSION = YES;
				CLANG_WARN_COMMA = YES;
				CLANG_WARN_CONSTANT_CONVERSION = YES;
				CLANG_WARN_DEPRECATED_OBJC_IMPLEMENTATIONS = YES;
				CLANG_WARN_DIRECT_OBJC_ISA_USAGE = YES_ERROR;
				CLANG_WARN_DOCUMENTATION_COMMENTS = YES;
				CLANG_WARN_EMPTY_BODY = YES;
				CLANG_WARN_ENUM_CONVERSION = YES;
				CLANG_WARN_INFINITE_RECURSION = YES;
				CLANG_WARN_INT_CONVERSION = YES;
				CLANG_WARN_NON_LITERAL_NULL_CONVERSION = YES;
				CLANG_WARN_OBJC_IMPLICIT_RETAIN_SELF = YES;
				CLANG_WARN_OBJC_LITERAL_CONVERSION = YES;
				CLANG_WARN_OBJC_ROOT_CLASS = YES_ERROR;
				CLANG_WARN_QUOTED_INCLUDE_IN_FRAMEWORK_HEADER = YES;
				CLANG_WARN_RANGE_LOOP_ANALYSIS = YES;
				CLANG_WARN_STRICT_PROTOTYPES = YES;
				CLANG_WARN_SUSPICIOUS_MOVE = YES;
				CLANG_WARN_UNGUARDED_AVAILABILITY = YES_AGGRESSIVE;
				CLANG_WARN_UNREACHABLE_CODE = YES;
				CLANG_WARN__DUPLICATE_METHOD_MATCH = YES;
				COPY_PHASE_STRIP = NO;
				DEBUG_INFORMATION_FORMAT = dwarf;
				ENABLE_STRICT_OBJC_MSGSEND = YES;
				ENABLE_TESTABILITY = YES;
				ENABLE_USER_SCRIPT_SANDBOXING = YES;
				GCC_C_LANGUAGE_STANDARD = gnu17;
				GCC_DYNAMIC_NO_PIC = NO;
				GCC_NO_COMMON_BLOCKS = YES;
				GCC_OPTIMIZATION_LEVEL = 0;
				GCC_PREPROCESSOR_DEFINITIONS = (
					"DEBUG=1",
					"$(inherited)",
				);
				GCC_WARN_64_TO_32_BIT_CONVERSION = YES;
				GCC_WARN_ABOUT_RETURN_TYPE = YES_ERROR;
				GCC_WARN_UNDECLARED_SELECTOR = YES;
				GCC_WARN_UNINITIALIZED_AUTOS = YES_AGGRESSIVE;
				GCC_WARN_UNUSED_FUNCTION = YES;
				GCC_WARN_UNUSED_VARIABLE = YES;
				IPHONEOS_DEPLOYMENT_TARGET = 17.4;
				LOCALIZATION_PREFERS_STRING_CATALOGS = YES;
				MTL_ENABLE_DEBUG_INFO = INCLUDE_SOURCE;
				MTL_FAST_MATH = YES;
				ONLY_ACTIVE_ARCH = YES;
				SDKROOT = iphoneos;
				SWIFT_ACTIVE_COMPILATION_CONDITIONS = "DEBUG $(inherited)";
				SWIFT_OPTIMIZATION_LEVEL = "-Onone";
			};
			name = Debug;
		};
		BCBC238E2BA2BB1B001F671A /* Release */ = {
			isa = XCBuildConfiguration;
			buildSettings = {
				ALWAYS_SEARCH_USER_PATHS = NO;
				ASSETCATALOG_COMPILER_GENERATE_SWIFT_ASSET_SYMBOL_EXTENSIONS = YES;
				CLANG_ANALYZER_NONNULL = YES;
				CLANG_ANALYZER_NUMBER_OBJECT_CONVERSION = YES_AGGRESSIVE;
				CLANG_CXX_LANGUAGE_STANDARD = "gnu++20";
				CLANG_ENABLE_MODULES = YES;
				CLANG_ENABLE_OBJC_ARC = YES;
				CLANG_ENABLE_OBJC_WEAK = YES;
				CLANG_WARN_BLOCK_CAPTURE_AUTORELEASING = YES;
				CLANG_WARN_BOOL_CONVERSION = YES;
				CLANG_WARN_COMMA = YES;
				CLANG_WARN_CONSTANT_CONVERSION = YES;
				CLANG_WARN_DEPRECATED_OBJC_IMPLEMENTATIONS = YES;
				CLANG_WARN_DIRECT_OBJC_ISA_USAGE = YES_ERROR;
				CLANG_WARN_DOCUMENTATION_COMMENTS = YES;
				CLANG_WARN_EMPTY_BODY = YES;
				CLANG_WARN_ENUM_CONVERSION = YES;
				CLANG_WARN_INFINITE_RECURSION = YES;
				CLANG_WARN_INT_CONVERSION = YES;
				CLANG_WARN_NON_LITERAL_NULL_CONVERSION = YES;
				CLANG_WARN_OBJC_IMPLICIT_RETAIN_SELF = YES;
				CLANG_WARN_OBJC_LITERAL_CONVERSION = YES;
				CLANG_WARN_OBJC_ROOT_CLASS = YES_ERROR;
				CLANG_WARN_QUOTED_INCLUDE_IN_FRAMEWORK_HEADER = YES;
				CLANG_WARN_RANGE_LOOP_ANALYSIS = YES;
				CLANG_WARN_STRICT_PROTOTYPES = YES;
				CLANG_WARN_SUSPICIOUS_MOVE = YES;
				CLANG_WARN_UNGUARDED_AVAILABILITY = YES_AGGRESSIVE;
				CLANG_WARN_UNREACHABLE_CODE = YES;
				CLANG_WARN__DUPLICATE_METHOD_MATCH = YES;
				COPY_PHASE_STRIP = NO;
				DEBUG_INFORMATION_FORMAT = "dwarf-with-dsym";
				ENABLE_NS_ASSERTIONS = NO;
				ENABLE_STRICT_OBJC_MSGSEND = YES;
				ENABLE_USER_SCRIPT_SANDBOXING = YES;
				GCC_C_LANGUAGE_STANDARD = gnu17;
				GCC_NO_COMMON_BLOCKS = YES;
				GCC_WARN_64_TO_32_BIT_CONVERSION = YES;
				GCC_WARN_ABOUT_RETURN_TYPE = YES_ERROR;
				GCC_WARN_UNDECLARED_SELECTOR = YES;
				GCC_WARN_UNINITIALIZED_AUTOS = YES_AGGRESSIVE;
				GCC_WARN_UNUSED_FUNCTION = YES;
				GCC_WARN_UNUSED_VARIABLE = YES;
				IPHONEOS_DEPLOYMENT_TARGET = 17.4;
				LOCALIZATION_PREFERS_STRING_CATALOGS = YES;
				MTL_ENABLE_DEBUG_INFO = NO;
				MTL_FAST_MATH = YES;
				SDKROOT = iphoneos;
				SWIFT_COMPILATION_MODE = wholemodule;
				VALIDATE_PRODUCT = YES;
			};
			name = Release;
		};
		BCBC23902BA2BB1B001F671A /* Debug */ = {
			isa = XCBuildConfiguration;
			buildSettings = {
				ASSETCATALOG_COMPILER_APPICON_NAME = AppIcon;
				ASSETCATALOG_COMPILER_GLOBAL_ACCENT_COLOR_NAME = AccentColor;
				CODE_SIGN_STYLE = Automatic;
				CURRENT_PROJECT_VERSION = 1;
				DEVELOPMENT_TEAM = KT6YTKK67V;
				GENERATE_INFOPLIST_FILE = YES;
				INFOPLIST_FILE = CatFancyUIKit/Info.plist;
				INFOPLIST_KEY_UIApplicationSupportsIndirectInputEvents = YES;
				INFOPLIST_KEY_UILaunchStoryboardName = LaunchScreen;
				INFOPLIST_KEY_UIMainStoryboardFile = Main;
				INFOPLIST_KEY_UISupportedInterfaceOrientations_iPad = "UIInterfaceOrientationPortrait UIInterfaceOrientationPortraitUpsideDown UIInterfaceOrientationLandscapeLeft UIInterfaceOrientationLandscapeRight";
				INFOPLIST_KEY_UISupportedInterfaceOrientations_iPhone = "UIInterfaceOrientationPortrait UIInterfaceOrientationLandscapeLeft UIInterfaceOrientationLandscapeRight";
				LD_RUNPATH_SEARCH_PATHS = (
					"$(inherited)",
					"@executable_path/Frameworks",
				);
				MARKETING_VERSION = 1.0;
				PRODUCT_BUNDLE_IDENTIFIER = com.flauta.romeo.CatFancyUIKit;
				PRODUCT_NAME = "$(TARGET_NAME)";
				SWIFT_EMIT_LOC_STRINGS = YES;
				SWIFT_VERSION = 5.0;
				TARGETED_DEVICE_FAMILY = "1,2";
			};
			name = Debug;
		};
		BCBC23912BA2BB1B001F671A /* Release */ = {
			isa = XCBuildConfiguration;
			buildSettings = {
				ASSETCATALOG_COMPILER_APPICON_NAME = AppIcon;
				ASSETCATALOG_COMPILER_GLOBAL_ACCENT_COLOR_NAME = AccentColor;
				CODE_SIGN_STYLE = Automatic;
				CURRENT_PROJECT_VERSION = 1;
				DEVELOPMENT_TEAM = KT6YTKK67V;
				GENERATE_INFOPLIST_FILE = YES;
				INFOPLIST_FILE = CatFancyUIKit/Info.plist;
				INFOPLIST_KEY_UIApplicationSupportsIndirectInputEvents = YES;
				INFOPLIST_KEY_UILaunchStoryboardName = LaunchScreen;
				INFOPLIST_KEY_UIMainStoryboardFile = Main;
				INFOPLIST_KEY_UISupportedInterfaceOrientations_iPad = "UIInterfaceOrientationPortrait UIInterfaceOrientationPortraitUpsideDown UIInterfaceOrientationLandscapeLeft UIInterfaceOrientationLandscapeRight";
				INFOPLIST_KEY_UISupportedInterfaceOrientations_iPhone = "UIInterfaceOrientationPortrait UIInterfaceOrientationLandscapeLeft UIInterfaceOrientationLandscapeRight";
				LD_RUNPATH_SEARCH_PATHS = (
					"$(inherited)",
					"@executable_path/Frameworks",
				);
				MARKETING_VERSION = 1.0;
				PRODUCT_BUNDLE_IDENTIFIER = com.flauta.romeo.CatFancyUIKit;
				PRODUCT_NAME = "$(TARGET_NAME)";
				SWIFT_EMIT_LOC_STRINGS = YES;
				SWIFT_VERSION = 5.0;
				TARGETED_DEVICE_FAMILY = "1,2";
			};
			name = Release;
		};
		BCBC23932BA2BB1B001F671A /* Debug */ = {
			isa = XCBuildConfiguration;
			buildSettings = {
				ALWAYS_EMBED_SWIFT_STANDARD_LIBRARIES = YES;
				BUNDLE_LOADER = "$(TEST_HOST)";
				CODE_SIGN_STYLE = Automatic;
				CURRENT_PROJECT_VERSION = 1;
				DEVELOPMENT_TEAM = KT6YTKK67V;
				GENERATE_INFOPLIST_FILE = YES;
				IPHONEOS_DEPLOYMENT_TARGET = 17.4;
				MARKETING_VERSION = 1.0;
				PRODUCT_BUNDLE_IDENTIFIER = com.flauta.romeo.CatFancyUIKitTests;
				PRODUCT_NAME = "$(TARGET_NAME)";
				SWIFT_EMIT_LOC_STRINGS = NO;
				SWIFT_VERSION = 5.0;
				TARGETED_DEVICE_FAMILY = "1,2";
				TEST_HOST = "$(BUILT_PRODUCTS_DIR)/CatFancyUIKit.app/$(BUNDLE_EXECUTABLE_FOLDER_PATH)/CatFancyUIKit";
			};
			name = Debug;
		};
		BCBC23942BA2BB1B001F671A /* Release */ = {
			isa = XCBuildConfiguration;
			buildSettings = {
				ALWAYS_EMBED_SWIFT_STANDARD_LIBRARIES = YES;
				BUNDLE_LOADER = "$(TEST_HOST)";
				CODE_SIGN_STYLE = Automatic;
				CURRENT_PROJECT_VERSION = 1;
				DEVELOPMENT_TEAM = KT6YTKK67V;
				GENERATE_INFOPLIST_FILE = YES;
				IPHONEOS_DEPLOYMENT_TARGET = 17.4;
				MARKETING_VERSION = 1.0;
				PRODUCT_BUNDLE_IDENTIFIER = com.flauta.romeo.CatFancyUIKitTests;
				PRODUCT_NAME = "$(TARGET_NAME)";
				SWIFT_EMIT_LOC_STRINGS = NO;
				SWIFT_VERSION = 5.0;
				TARGETED_DEVICE_FAMILY = "1,2";
				TEST_HOST = "$(BUILT_PRODUCTS_DIR)/CatFancyUIKit.app/$(BUNDLE_EXECUTABLE_FOLDER_PATH)/CatFancyUIKit";
			};
			name = Release;
		};
		BCBC23962BA2BB1B001F671A /* Debug */ = {
			isa = XCBuildConfiguration;
			buildSettings = {
				ALWAYS_EMBED_SWIFT_STANDARD_LIBRARIES = YES;
				CODE_SIGN_STYLE = Automatic;
				CURRENT_PROJECT_VERSION = 1;
				DEVELOPMENT_TEAM = KT6YTKK67V;
				GENERATE_INFOPLIST_FILE = YES;
				MARKETING_VERSION = 1.0;
				PRODUCT_BUNDLE_IDENTIFIER = com.flauta.romeo.CatFancyUIKitUITests;
				PRODUCT_NAME = "$(TARGET_NAME)";
				SWIFT_EMIT_LOC_STRINGS = NO;
				SWIFT_VERSION = 5.0;
				TARGETED_DEVICE_FAMILY = "1,2";
				TEST_TARGET_NAME = CatFancyUIKit;
			};
			name = Debug;
		};
		BCBC23972BA2BB1B001F671A /* Release */ = {
			isa = XCBuildConfiguration;
			buildSettings = {
				ALWAYS_EMBED_SWIFT_STANDARD_LIBRARIES = YES;
				CODE_SIGN_STYLE = Automatic;
				CURRENT_PROJECT_VERSION = 1;
				DEVELOPMENT_TEAM = KT6YTKK67V;
				GENERATE_INFOPLIST_FILE = YES;
				MARKETING_VERSION = 1.0;
				PRODUCT_BUNDLE_IDENTIFIER = com.flauta.romeo.CatFancyUIKitUITests;
				PRODUCT_NAME = "$(TARGET_NAME)";
				SWIFT_EMIT_LOC_STRINGS = NO;
				SWIFT_VERSION = 5.0;
				TARGETED_DEVICE_FAMILY = "1,2";
				TEST_TARGET_NAME = CatFancyUIKit;
			};
			name = Release;
		};
/* End XCBuildConfiguration section */

/* Begin XCConfigurationList section */
		BCBC23602BA2BB1A001F671A /* Build configuration list for PBXProject "CatFancyUIKit" */ = {
			isa = XCConfigurationList;
			buildConfigurations = (
				BCBC238D2BA2BB1B001F671A /* Debug */,
				BCBC238E2BA2BB1B001F671A /* Release */,
			);
			defaultConfigurationIsVisible = 0;
			defaultConfigurationName = Release;
		};
		BCBC238F2BA2BB1B001F671A /* Build configuration list for PBXNativeTarget "CatFancyUIKit" */ = {
			isa = XCConfigurationList;
			buildConfigurations = (
				BCBC23902BA2BB1B001F671A /* Debug */,
				BCBC23912BA2BB1B001F671A /* Release */,
			);
			defaultConfigurationIsVisible = 0;
			defaultConfigurationName = Release;
		};
		BCBC23922BA2BB1B001F671A /* Build configuration list for PBXNativeTarget "CatFancyUIKitTests" */ = {
			isa = XCConfigurationList;
			buildConfigurations = (
				BCBC23932BA2BB1B001F671A /* Debug */,
				BCBC23942BA2BB1B001F671A /* Release */,
			);
			defaultConfigurationIsVisible = 0;
			defaultConfigurationName = Release;
		};
		BCBC23952BA2BB1B001F671A /* Build configuration list for PBXNativeTarget "CatFancyUIKitUITests" */ = {
			isa = XCConfigurationList;
			buildConfigurations = (
				BCBC23962BA2BB1B001F671A /* Debug */,
				BCBC23972BA2BB1B001F671A /* Release */,
			);
			defaultConfigurationIsVisible = 0;
			defaultConfigurationName = Release;
		};
/* End XCConfigurationList section */
	};
	rootObject = BCBC235D2BA2BB1A001F671A /* Project object */;
}
