// !$*UTF8*$!
{
	archiveVersion = 1;
	classes = {
	};
	objectVersion = 56;
	objects = {

/* Begin PBXBuildFile section */
		BC994AE42BA3C52000B4C411 /* SettingsVCTests.swift in Sources */ = {isa = PBXBuildFile; fileRef = BC994AE32BA3C52000B4C411 /* SettingsVCTests.swift */; };
		BC994AE62BA3C68B00B4C411 /* AppDelegateTests.swift in Sources */ = {isa = PBXBuildFile; fileRef = BC994AE52BA3C68B00B4C411 /* AppDelegateTests.swift */; };
		BC994AE82BA3C71300B4C411 /* BreedsLoaderTests.swift in Sources */ = {isa = PBXBuildFile; fileRef = BC994AE72BA3C71300B4C411 /* BreedsLoaderTests.swift */; };
		BC994AEA2BA3C8B000B4C411 /* GetterSetterFakeTests.swift in Sources */ = {isa = PBXBuildFile; fileRef = BC994AE92BA3C8B000B4C411 /* GetterSetterFakeTests.swift */; };
		BC994AEE2BA3C97B00B4C411 /* GetterSetterRealTests.swift in Sources */ = {isa = PBXBuildFile; fileRef = BC994AED2BA3C97B00B4C411 /* GetterSetterRealTests.swift */; };
		BC994AF02BA3C9FB00B4C411 /* ImageCacheLoaderTests.swift in Sources */ = {isa = PBXBuildFile; fileRef = BC994AEF2BA3C9FB00B4C411 /* ImageCacheLoaderTests.swift */; };
		BC994AF22BA3CCD800B4C411 /* NSLayoutConstraintExtensionTests.swift in Sources */ = {isa = PBXBuildFile; fileRef = BC994AF12BA3CCD800B4C411 /* NSLayoutConstraintExtensionTests.swift */; };
		BC994AF42BA406B700B4C411 /* SoundPlayerDummyTests.swift in Sources */ = {isa = PBXBuildFile; fileRef = BC994AF32BA406B700B4C411 /* SoundPlayerDummyTests.swift */; };
		BC994AF62BA406DF00B4C411 /* SoundPlayerRealTests.swift in Sources */ = {isa = PBXBuildFile; fileRef = BC994AF52BA406DF00B4C411 /* SoundPlayerRealTests.swift */; };
		BC994AF82BA407E700B4C411 /* UIViewControllerExtensionTests.swift in Sources */ = {isa = PBXBuildFile; fileRef = BC994AF72BA407E700B4C411 /* UIViewControllerExtensionTests.swift */; };
		BC994AFA2BA408E900B4C411 /* URLProtocolStubTests.swift in Sources */ = {isa = PBXBuildFile; fileRef = BC994AF92BA408E900B4C411 /* URLProtocolStubTests.swift */; };
		BC994AFC2BA4195500B4C411 /* URLSessionExtensionTests.swift in Sources */ = {isa = PBXBuildFile; fileRef = BC994AFB2BA4195500B4C411 /* URLSessionExtensionTests.swift */; };
		BC994AFE2BA419C100B4C411 /* UsesAutoLayoutTests.swift in Sources */ = {isa = PBXBuildFile; fileRef = BC994AFD2BA419C100B4C411 /* UsesAutoLayoutTests.swift */; };
		BC994B002BA41A6200B4C411 /* BreedsURLTests.swift in Sources */ = {isa = PBXBuildFile; fileRef = BC994AFF2BA41A6200B4C411 /* BreedsURLTests.swift */; };
		BC994B022BA41ACF00B4C411 /* LicenseTests.swift in Sources */ = {isa = PBXBuildFile; fileRef = BC994B012BA41ACF00B4C411 /* LicenseTests.swift */; };
		BC994B042BA41B3000B4C411 /* SettingsTests.swift in Sources */ = {isa = PBXBuildFile; fileRef = BC994B032BA41B3000B4C411 /* SettingsTests.swift */; };
		BC994B062BA41B9E00B4C411 /* SortOrderTests.swift in Sources */ = {isa = PBXBuildFile; fileRef = BC994B052BA41B9E00B4C411 /* SortOrderTests.swift */; };
		BC994B082BA41D4C00B4C411 /* WorldTests.swift in Sources */ = {isa = PBXBuildFile; fileRef = BC994B072BA41D4C00B4C411 /* WorldTests.swift */; };
		BC994B0A2BA41DB800B4C411 /* BreedCoordinatorTests.swift in Sources */ = {isa = PBXBuildFile; fileRef = BC994B092BA41DB800B4C411 /* BreedCoordinatorTests.swift */; };
		BC994B0C2BA41E1C00B4C411 /* SettingsCoordinatorTests.swift in Sources */ = {isa = PBXBuildFile; fileRef = BC994B0B2BA41E1C00B4C411 /* SettingsCoordinatorTests.swift */; };
		BC994B0E2BA41EC600B4C411 /* BreedCellTests.swift in Sources */ = {isa = PBXBuildFile; fileRef = BC994B0D2BA41EC600B4C411 /* BreedCellTests.swift */; };
		BC994B102BA41F1500B4C411 /* BreedDetailViewTests.swift in Sources */ = {isa = PBXBuildFile; fileRef = BC994B0F2BA41F1500B4C411 /* BreedDetailViewTests.swift */; };
		BC994B122BA41F8C00B4C411 /* BrowseBreedsViewTests.swift in Sources */ = {isa = PBXBuildFile; fileRef = BC994B112BA41F8C00B4C411 /* BrowseBreedsViewTests.swift */; };
		BCBC23692BA2BB1A001F671A /* AppDelegate.swift in Sources */ = {isa = PBXBuildFile; fileRef = BCBC23682BA2BB1A001F671A /* AppDelegate.swift */; };
		BCBC236B2BA2BB1A001F671A /* SceneDelegate.swift in Sources */ = {isa = PBXBuildFile; fileRef = BCBC236A2BA2BB1A001F671A /* SceneDelegate.swift */; };
		BCBC23722BA2BB1B001F671A /* Assets.xcassets in Resources */ = {isa = PBXBuildFile; fileRef = BCBC23712BA2BB1B001F671A /* Assets.xcassets */; };
		BCBC23752BA2BB1B001F671A /* Base in Resources */ = {isa = PBXBuildFile; fileRef = BCBC23742BA2BB1B001F671A /* Base */; };
		BCBC239A2BA2BF60001F671A /* Breed.swift in Sources */ = {isa = PBXBuildFile; fileRef = BCBC23992BA2BF60001F671A /* Breed.swift */; };
		BCBC239C2BA2C04E001F671A /* License.swift in Sources */ = {isa = PBXBuildFile; fileRef = BCBC239B2BA2C04E001F671A /* License.swift */; };
		BCBC239F2BA2C0EA001F671A /* URLExtension.swift in Sources */ = {isa = PBXBuildFile; fileRef = BCBC239E2BA2C0EA001F671A /* URLExtension.swift */; };
		BCBC23A12BA2C1B5001F671A /* Breeds.swift in Sources */ = {isa = PBXBuildFile; fileRef = BCBC23A02BA2C1B5001F671A /* Breeds.swift */; };
		BCBC23A32BA2C233001F671A /* BreedsLoader.swift in Sources */ = {isa = PBXBuildFile; fileRef = BCBC23A22BA2C233001F671A /* BreedsLoader.swift */; };
		BCBC23AA2BA2C73C001F671A /* Layout.swift in Sources */ = {isa = PBXBuildFile; fileRef = BCBC23A92BA2C73C001F671A /* Layout.swift */; };
		BCBC23AC2BA2C7E5001F671A /* NSCoderExtension.swift in Sources */ = {isa = PBXBuildFile; fileRef = BCBC23AB2BA2C7E5001F671A /* NSCoderExtension.swift */; };
		BCBC23AE2BA2C840001F671A /* NSLayoutContstraintExtension.swift in Sources */ = {isa = PBXBuildFile; fileRef = BCBC23AD2BA2C840001F671A /* NSLayoutContstraintExtension.swift */; };
		BCBC23B02BA2C89C001F671A /* UIViewControllerExtension.swift in Sources */ = {isa = PBXBuildFile; fileRef = BCBC23AF2BA2C89C001F671A /* UIViewControllerExtension.swift */; };
		BCBC23B42BA2CA92001F671A /* UsesAutoLayout.swift in Sources */ = {isa = PBXBuildFile; fileRef = BCBC23B32BA2CA92001F671A /* UsesAutoLayout.swift */; };
		BCBC23B62BA2CB2E001F671A /* SettingsVC.swift in Sources */ = {isa = PBXBuildFile; fileRef = BCBC23B52BA2CB2E001F671A /* SettingsVC.swift */; };
		BCBC23B82BA2CC41001F671A /* BreedDetailVC.swift in Sources */ = {isa = PBXBuildFile; fileRef = BCBC23B72BA2CC41001F671A /* BreedDetailVC.swift */; };
		BCBC23BA2BA2CC63001F671A /* BrowseBreedsVC.swift in Sources */ = {isa = PBXBuildFile; fileRef = BCBC23B92BA2CC63001F671A /* BrowseBreedsVC.swift */; };
		BCBC23BC2BA2CCE6001F671A /* MainTabBarVC.swift in Sources */ = {isa = PBXBuildFile; fileRef = BCBC23BB2BA2CCE6001F671A /* MainTabBarVC.swift */; };
		BCBC23BE2BA2CD48001F671A /* Symbols.swift in Sources */ = {isa = PBXBuildFile; fileRef = BCBC23BD2BA2CD48001F671A /* Symbols.swift */; };
		BCBC23C02BA2D1A0001F671A /* BrowseBreedsView.swift in Sources */ = {isa = PBXBuildFile; fileRef = BCBC23BF2BA2D1A0001F671A /* BrowseBreedsView.swift */; };
		BCBC23C22BA2D275001F671A /* Fonts.swift in Sources */ = {isa = PBXBuildFile; fileRef = BCBC23C12BA2D275001F671A /* Fonts.swift */; };
		BCBC23C42BA2D35F001F671A /* BreedCell.swift in Sources */ = {isa = PBXBuildFile; fileRef = BCBC23C32BA2D35F001F671A /* BreedCell.swift */; };
		BCBC23C62BA2D49B001F671A /* LoadingState.swift in Sources */ = {isa = PBXBuildFile; fileRef = BCBC23C52BA2D49B001F671A /* LoadingState.swift */; };
		BCBC23C82BA2D5B5001F671A /* BrowseBreedsDeleSource.swift in Sources */ = {isa = PBXBuildFile; fileRef = BCBC23C72BA2D5B5001F671A /* BrowseBreedsDeleSource.swift */; };
		BCBC23CA2BA2D7A5001F671A /* Sound.swift in Sources */ = {isa = PBXBuildFile; fileRef = BCBC23C92BA2D7A5001F671A /* Sound.swift */; };
		BCBC23CC2BA2D7FA001F671A /* SoundPlayer.swift in Sources */ = {isa = PBXBuildFile; fileRef = BCBC23CB2BA2D7FA001F671A /* SoundPlayer.swift */; };
		BCBC23CF2BA2DC31001F671A /* chime.mp3 in Resources */ = {isa = PBXBuildFile; fileRef = BCBC23CD2BA2DC31001F671A /* chime.mp3 */; };
		BCBC23D02BA2DC31001F671A /* sadTrombone.mp3 in Resources */ = {isa = PBXBuildFile; fileRef = BCBC23CE2BA2DC31001F671A /* sadTrombone.mp3 */; };
		BCBC23D22BA2E729001F671A /* SortOrder.swift in Sources */ = {isa = PBXBuildFile; fileRef = BCBC23D12BA2E729001F671A /* SortOrder.swift */; };
		BCBC23D42BA2E879001F671A /* SettingsView.swift in Sources */ = {isa = PBXBuildFile; fileRef = BCBC23D32BA2E879001F671A /* SettingsView.swift */; };
		BCBC23D62BA2E9B6001F671A /* ImageCacheLoader.swift in Sources */ = {isa = PBXBuildFile; fileRef = BCBC23D52BA2E9B6001F671A /* ImageCacheLoader.swift */; };
		BCBC23D82BA2EAB6001F671A /* BreedDetailView.swift in Sources */ = {isa = PBXBuildFile; fileRef = BCBC23D72BA2EAB6001F671A /* BreedDetailView.swift */; };
		BCBC23DA2BA2EF14001F671A /* World.swift in Sources */ = {isa = PBXBuildFile; fileRef = BCBC23D92BA2EF14001F671A /* World.swift */; };
		BCBC23DC2BA2EFA3001F671A /* SoundPlayerReal.swift in Sources */ = {isa = PBXBuildFile; fileRef = BCBC23DB2BA2EFA3001F671A /* SoundPlayerReal.swift */; };
		BCBC23DE2BA2F074001F671A /* SoundPlayerDummy.swift in Sources */ = {isa = PBXBuildFile; fileRef = BCBC23DD2BA2F074001F671A /* SoundPlayerDummy.swift */; };
		BCBC23E02BA2F0F5001F671A /* GetterSetter.swift in Sources */ = {isa = PBXBuildFile; fileRef = BCBC23DF2BA2F0F5001F671A /* GetterSetter.swift */; };
		BCBC23E22BA2F113001F671A /* GetterSetterReal.swift in Sources */ = {isa = PBXBuildFile; fileRef = BCBC23E12BA2F113001F671A /* GetterSetterReal.swift */; };
		BCBC23E42BA2F13A001F671A /* GetterSetterFake.swift in Sources */ = {isa = PBXBuildFile; fileRef = BCBC23E32BA2F13A001F671A /* GetterSetterFake.swift */; };
		BCBC23E62BA2F18C001F671A /* Settings.swift in Sources */ = {isa = PBXBuildFile; fileRef = BCBC23E52BA2F18C001F671A /* Settings.swift */; };
		BCBC23E82BA2F218001F671A /* BreedsURL.swift in Sources */ = {isa = PBXBuildFile; fileRef = BCBC23E72BA2F218001F671A /* BreedsURL.swift */; };
		BCBC23EC2BA2F2AB001F671A /* SessionType.swift in Sources */ = {isa = PBXBuildFile; fileRef = BCBC23EB2BA2F2AB001F671A /* SessionType.swift */; };
		BCBC23EE2BA2F2F2001F671A /* URLSessionExtension.swift in Sources */ = {isa = PBXBuildFile; fileRef = BCBC23ED2BA2F2F2001F671A /* URLSessionExtension.swift */; };
		BCBC23F02BA2F365001F671A /* MockData.swift in Sources */ = {isa = PBXBuildFile; fileRef = BCBC23EF2BA2F365001F671A /* MockData.swift */; };
		BCBC23F22BA2F3B1001F671A /* URLProtocolStub.swift in Sources */ = {isa = PBXBuildFile; fileRef = BCBC23F12BA2F3B1001F671A /* URLProtocolStub.swift */; };
		BCBC240C2BA2F4AE001F671A /* Abyssinian.jpg in Resources */ = {isa = PBXBuildFile; fileRef = BCBC23F42BA2F4AE001F671A /* Abyssinian.jpg */; };
		BCBC240D2BA2F4AE001F671A /* Balinese.jpg in Resources */ = {isa = PBXBuildFile; fileRef = BCBC23F52BA2F4AE001F671A /* Balinese.jpg */; };
		BCBC240E2BA2F4AE001F671A /* Bengal.jpg in Resources */ = {isa = PBXBuildFile; fileRef = BCBC23F62BA2F4AE001F671A /* Bengal.jpg */; };
		BCBC240F2BA2F4AE001F671A /* Burmese.jpg in Resources */ = {isa = PBXBuildFile; fileRef = BCBC23F72BA2F4AE001F671A /* Burmese.jpg */; };
		BCBC24102BA2F4AE001F671A /* CloudedLeopard.jpg in Resources */ = {isa = PBXBuildFile; fileRef = BCBC23F82BA2F4AE001F671A /* CloudedLeopard.jpg */; };
		BCBC24112BA2F4AE001F671A /* DevonRex.jpg in Resources */ = {isa = PBXBuildFile; fileRef = BCBC23F92BA2F4AE001F671A /* DevonRex.jpg */; };
		BCBC24122BA2F4AE001F671A /* EuropeanWildcat.jpg in Resources */ = {isa = PBXBuildFile; fileRef = BCBC23FA2BA2F4AE001F671A /* EuropeanWildcat.jpg */; };
		BCBC24132BA2F4AE001F671A /* MaineCoon.jpg in Resources */ = {isa = PBXBuildFile; fileRef = BCBC23FB2BA2F4AE001F671A /* MaineCoon.jpg */; };
		BCBC24142BA2F4AE001F671A /* Manx.jpg in Resources */ = {isa = PBXBuildFile; fileRef = BCBC23FC2BA2F4AE001F671A /* Manx.jpg */; };
		BCBC24152BA2F4AE001F671A /* Ragdoll.jpg in Resources */ = {isa = PBXBuildFile; fileRef = BCBC23FD2BA2F4AE001F671A /* Ragdoll.jpg */; };
		BCBC24162BA2F4AE001F671A /* RussianBlue.jpg in Resources */ = {isa = PBXBuildFile; fileRef = BCBC23FE2BA2F4AE001F671A /* RussianBlue.jpg */; };
		BCBC24172BA2F4AE001F671A /* Sand.jpg in Resources */ = {isa = PBXBuildFile; fileRef = BCBC23FF2BA2F4AE001F671A /* Sand.jpg */; };
		BCBC24182BA2F4AE001F671A /* Savannah.jpg in Resources */ = {isa = PBXBuildFile; fileRef = BCBC24002BA2F4AE001F671A /* Savannah.jpg */; };
		BCBC24192BA2F4AE001F671A /* Serval.jpg in Resources */ = {isa = PBXBuildFile; fileRef = BCBC24012BA2F4AE001F671A /* Serval.jpg */; };
		BCBC241A2BA2F4AE001F671A /* Siamese.jpg in Resources */ = {isa = PBXBuildFile; fileRef = BCBC24022BA2F4AE001F671A /* Siamese.jpg */; };
		BCBC241B2BA2F4AE001F671A /* Smilodon.jpg in Resources */ = {isa = PBXBuildFile; fileRef = BCBC24032BA2F4AE001F671A /* Smilodon.jpg */; };
		BCBC241C2BA2F4AE001F671A /* Tonkinese.jpg in Resources */ = {isa = PBXBuildFile; fileRef = BCBC24042BA2F4AE001F671A /* Tonkinese.jpg */; };
		BCBC241D2BA2F4AE001F671A /* TurkishAngora.jpg in Resources */ = {isa = PBXBuildFile; fileRef = BCBC24052BA2F4AE001F671A /* TurkishAngora.jpg */; };
		BCBC241E2BA2F4AE001F671A /* Van.jpg in Resources */ = {isa = PBXBuildFile; fileRef = BCBC24062BA2F4AE001F671A /* Van.jpg */; };
		BCBC241F2BA2F4AE001F671A /* breeds.json in Resources */ = {isa = PBXBuildFile; fileRef = BCBC24082BA2F4AE001F671A /* breeds.json */; };
		BCBC24202BA2F4AE001F671A /* breeds_with_more.json in Resources */ = {isa = PBXBuildFile; fileRef = BCBC24092BA2F4AE001F671A /* breeds_with_more.json */; };
		BCBC24212BA2F4AE001F671A /* breeds_malformed.json in Resources */ = {isa = PBXBuildFile; fileRef = BCBC240A2BA2F4AE001F671A /* breeds_malformed.json */; };
		BCBC24222BA2F4AE001F671A /* breeds_empty.json in Resources */ = {isa = PBXBuildFile; fileRef = BCBC240B2BA2F4AE001F671A /* breeds_empty.json */; };
		BCBC24252BA301E2001F671A /* Coordinator.swift in Sources */ = {isa = PBXBuildFile; fileRef = BCBC24242BA301E2001F671A /* Coordinator.swift */; };
		BCBC24272BA3020C001F671A /* BreedCoordinator.swift in Sources */ = {isa = PBXBuildFile; fileRef = BCBC24262BA3020C001F671A /* BreedCoordinator.swift */; };
		BCBC24292BA302C4001F671A /* BrowseBreedsDelegate.swift in Sources */ = {isa = PBXBuildFile; fileRef = BCBC24282BA302C4001F671A /* BrowseBreedsDelegate.swift */; };
		BCBC242B2BA30397001F671A /* BreedDetailDelegate.swift in Sources */ = {isa = PBXBuildFile; fileRef = BCBC242A2BA30397001F671A /* BreedDetailDelegate.swift */; };
		BCBC242D2BA30750001F671A /* SettingsCoordinator.swift in Sources */ = {isa = PBXBuildFile; fileRef = BCBC242C2BA30750001F671A /* SettingsCoordinator.swift */; };
		BCBC24362BA30A26001F671A /* main.swift in Sources */ = {isa = PBXBuildFile; fileRef = BCBC24352BA30A26001F671A /* main.swift */; };
		BCBC24382BA30AD8001F671A /* TestingAppDelegate.swift in Sources */ = {isa = PBXBuildFile; fileRef = BCBC24372BA30AD8001F671A /* TestingAppDelegate.swift */; };
		BCBC243A2BA30AFF001F671A /* TestingSceneDelegate.swift in Sources */ = {isa = PBXBuildFile; fileRef = BCBC24392BA30AFF001F671A /* TestingSceneDelegate.swift */; };
		BCBC243C2BA30B1B001F671A /* TestingRootVC.swift in Sources */ = {isa = PBXBuildFile; fileRef = BCBC243B2BA30B1B001F671A /* TestingRootVC.swift */; };
		BCBC243E2BA31199001F671A /* BreedDetailVCTests.swift in Sources */ = {isa = PBXBuildFile; fileRef = BCBC243D2BA31199001F671A /* BreedDetailVCTests.swift */; };
		BCBC24402BA315AB001F671A /* BrowseBreedsVCTests.swift in Sources */ = {isa = PBXBuildFile; fileRef = BCBC243F2BA315AB001F671A /* BrowseBreedsVCTests.swift */; };
		BCBC24422BA31A15001F671A /* MainTabBarVCTests.swift in Sources */ = {isa = PBXBuildFile; fileRef = BCBC24412BA31A15001F671A /* MainTabBarVCTests.swift */; };
/* End PBXBuildFile section */

/* Begin PBXContainerItemProxy section */
		BCBC237C2BA2BB1B001F671A /* PBXContainerItemProxy */ = {
			isa = PBXContainerItemProxy;
			containerPortal = BCBC235D2BA2BB1A001F671A /* Project object */;
			proxyType = 1;
			remoteGlobalIDString = BCBC23642BA2BB1A001F671A;
			remoteInfo = CatFancyUIKit;
		};
/* End PBXContainerItemProxy section */

/* Begin PBXFileReference section */
		BC994AE32BA3C52000B4C411 /* SettingsVCTests.swift */ = {isa = PBXFileReference; lastKnownFileType = sourcecode.swift; path = SettingsVCTests.swift; sourceTree = "<group>"; };
		BC994AE52BA3C68B00B4C411 /* AppDelegateTests.swift */ = {isa = PBXFileReference; lastKnownFileType = sourcecode.swift; path = AppDelegateTests.swift; sourceTree = "<group>"; };
		BC994AE72BA3C71300B4C411 /* BreedsLoaderTests.swift */ = {isa = PBXFileReference; lastKnownFileType = sourcecode.swift; path = BreedsLoaderTests.swift; sourceTree = "<group>"; };
		BC994AE92BA3C8B000B4C411 /* GetterSetterFakeTests.swift */ = {isa = PBXFileReference; lastKnownFileType = sourcecode.swift; path = GetterSetterFakeTests.swift; sourceTree = "<group>"; };
		BC994AED2BA3C97B00B4C411 /* GetterSetterRealTests.swift */ = {isa = PBXFileReference; lastKnownFileType = sourcecode.swift; path = GetterSetterRealTests.swift; sourceTree = "<group>"; };
		BC994AEF2BA3C9FB00B4C411 /* ImageCacheLoaderTests.swift */ = {isa = PBXFileReference; lastKnownFileType = sourcecode.swift; path = ImageCacheLoaderTests.swift; sourceTree = "<group>"; };
		BC994AF12BA3CCD800B4C411 /* NSLayoutConstraintExtensionTests.swift */ = {isa = PBXFileReference; lastKnownFileType = sourcecode.swift; path = NSLayoutConstraintExtensionTests.swift; sourceTree = "<group>"; };
		BC994AF32BA406B700B4C411 /* SoundPlayerDummyTests.swift */ = {isa = PBXFileReference; lastKnownFileType = sourcecode.swift; path = SoundPlayerDummyTests.swift; sourceTree = "<group>"; };
		BC994AF52BA406DF00B4C411 /* SoundPlayerRealTests.swift */ = {isa = PBXFileReference; lastKnownFileType = sourcecode.swift; path = SoundPlayerRealTests.swift; sourceTree = "<group>"; };
		BC994AF72BA407E700B4C411 /* UIViewControllerExtensionTests.swift */ = {isa = PBXFileReference; lastKnownFileType = sourcecode.swift; path = UIViewControllerExtensionTests.swift; sourceTree = "<group>"; };
		BC994AF92BA408E900B4C411 /* URLProtocolStubTests.swift */ = {isa = PBXFileReference; lastKnownFileType = sourcecode.swift; path = URLProtocolStubTests.swift; sourceTree = "<group>"; };
		BC994AFB2BA4195500B4C411 /* URLSessionExtensionTests.swift */ = {isa = PBXFileReference; lastKnownFileType = sourcecode.swift; path = URLSessionExtensionTests.swift; sourceTree = "<group>"; };
		BC994AFD2BA419C100B4C411 /* UsesAutoLayoutTests.swift */ = {isa = PBXFileReference; lastKnownFileType = sourcecode.swift; path = UsesAutoLayoutTests.swift; sourceTree = "<group>"; };
		BC994AFF2BA41A6200B4C411 /* BreedsURLTests.swift */ = {isa = PBXFileReference; lastKnownFileType = sourcecode.swift; path = BreedsURLTests.swift; sourceTree = "<group>"; };
		BC994B012BA41ACF00B4C411 /* LicenseTests.swift */ = {isa = PBXFileReference; lastKnownFileType = sourcecode.swift; path = LicenseTests.swift; sourceTree = "<group>"; };
		BC994B032BA41B3000B4C411 /* SettingsTests.swift */ = {isa = PBXFileReference; lastKnownFileType = sourcecode.swift; path = SettingsTests.swift; sourceTree = "<group>"; };
		BC994B052BA41B9E00B4C411 /* SortOrderTests.swift */ = {isa = PBXFileReference; lastKnownFileType = sourcecode.swift; path = SortOrderTests.swift; sourceTree = "<group>"; };
		BC994B072BA41D4C00B4C411 /* WorldTests.swift */ = {isa = PBXFileReference; lastKnownFileType = sourcecode.swift; path = WorldTests.swift; sourceTree = "<group>"; };
		BC994B092BA41DB800B4C411 /* BreedCoordinatorTests.swift */ = {isa = PBXFileReference; lastKnownFileType = sourcecode.swift; path = BreedCoordinatorTests.swift; sourceTree = "<group>"; };
		BC994B0B2BA41E1C00B4C411 /* SettingsCoordinatorTests.swift */ = {isa = PBXFileReference; lastKnownFileType = sourcecode.swift; path = SettingsCoordinatorTests.swift; sourceTree = "<group>"; };
		BC994B0D2BA41EC600B4C411 /* BreedCellTests.swift */ = {isa = PBXFileReference; lastKnownFileType = sourcecode.swift; path = BreedCellTests.swift; sourceTree = "<group>"; };
		BC994B0F2BA41F1500B4C411 /* BreedDetailViewTests.swift */ = {isa = PBXFileReference; lastKnownFileType = sourcecode.swift; path = BreedDetailViewTests.swift; sourceTree = "<group>"; };
		BC994B112BA41F8C00B4C411 /* BrowseBreedsViewTests.swift */ = {isa = PBXFileReference; lastKnownFileType = sourcecode.swift; path = BrowseBreedsViewTests.swift; sourceTree = "<group>"; };
		BCBC23652BA2BB1A001F671A /* CatFancyUIKit.app */ = {isa = PBXFileReference; explicitFileType = wrapper.application; includeInIndex = 0; path = CatFancyUIKit.app; sourceTree = BUILT_PRODUCTS_DIR; };
		BCBC23682BA2BB1A001F671A /* AppDelegate.swift */ = {isa = PBXFileReference; lastKnownFileType = sourcecode.swift; path = AppDelegate.swift; sourceTree = "<group>"; };
		BCBC236A2BA2BB1A001F671A /* SceneDelegate.swift */ = {isa = PBXFileReference; lastKnownFileType = sourcecode.swift; path = SceneDelegate.swift; sourceTree = "<group>"; };
		BCBC23712BA2BB1B001F671A /* Assets.xcassets */ = {isa = PBXFileReference; lastKnownFileType = folder.assetcatalog; path = Assets.xcassets; sourceTree = "<group>"; };
		BCBC23742BA2BB1B001F671A /* Base */ = {isa = PBXFileReference; lastKnownFileType = file.storyboard; name = Base; path = Base.lproj/LaunchScreen.storyboard; sourceTree = "<group>"; };
		BCBC23762BA2BB1B001F671A /* Info.plist */ = {isa = PBXFileReference; lastKnownFileType = text.plist.xml; path = Info.plist; sourceTree = "<group>"; };
		BCBC237B2BA2BB1B001F671A /* CatFancyUIKitTests.xctest */ = {isa = PBXFileReference; explicitFileType = wrapper.cfbundle; includeInIndex = 0; path = CatFancyUIKitTests.xctest; sourceTree = BUILT_PRODUCTS_DIR; };
		BCBC23892BA2BB1B001F671A /* CatFancyUIKitUITests.swift */ = {isa = PBXFileReference; lastKnownFileType = sourcecode.swift; path = CatFancyUIKitUITests.swift; sourceTree = "<group>"; };
		BCBC23992BA2BF60001F671A /* Breed.swift */ = {isa = PBXFileReference; lastKnownFileType = sourcecode.swift; path = Breed.swift; sourceTree = "<group>"; };
		BCBC239B2BA2C04E001F671A /* License.swift */ = {isa = PBXFileReference; lastKnownFileType = sourcecode.swift; path = License.swift; sourceTree = "<group>"; };
		BCBC239E2BA2C0EA001F671A /* URLExtension.swift */ = {isa = PBXFileReference; lastKnownFileType = sourcecode.swift; path = URLExtension.swift; sourceTree = "<group>"; };
		BCBC23A02BA2C1B5001F671A /* Breeds.swift */ = {isa = PBXFileReference; lastKnownFileType = sourcecode.swift; path = Breeds.swift; sourceTree = "<group>"; };
		BCBC23A22BA2C233001F671A /* BreedsLoader.swift */ = {isa = PBXFileReference; lastKnownFileType = sourcecode.swift; path = BreedsLoader.swift; sourceTree = "<group>"; };
		BCBC23A92BA2C73C001F671A /* Layout.swift */ = {isa = PBXFileReference; lastKnownFileType = sourcecode.swift; path = Layout.swift; sourceTree = "<group>"; };
		BCBC23AB2BA2C7E5001F671A /* NSCoderExtension.swift */ = {isa = PBXFileReference; lastKnownFileType = sourcecode.swift; path = NSCoderExtension.swift; sourceTree = "<group>"; };
		BCBC23AD2BA2C840001F671A /* NSLayoutContstraintExtension.swift */ = {isa = PBXFileReference; lastKnownFileType = sourcecode.swift; path = NSLayoutContstraintExtension.swift; sourceTree = "<group>"; };
		BCBC23AF2BA2C89C001F671A /* UIViewControllerExtension.swift */ = {isa = PBXFileReference; lastKnownFileType = sourcecode.swift; path = UIViewControllerExtension.swift; sourceTree = "<group>"; };
		BCBC23B32BA2CA92001F671A /* UsesAutoLayout.swift */ = {isa = PBXFileReference; lastKnownFileType = sourcecode.swift; path = UsesAutoLayout.swift; sourceTree = "<group>"; };
		BCBC23B52BA2CB2E001F671A /* SettingsVC.swift */ = {isa = PBXFileReference; lastKnownFileType = sourcecode.swift; path = SettingsVC.swift; sourceTree = "<group>"; };
		BCBC23B72BA2CC41001F671A /* BreedDetailVC.swift */ = {isa = PBXFileReference; lastKnownFileType = sourcecode.swift; path = BreedDetailVC.swift; sourceTree = "<group>"; };
		BCBC23B92BA2CC63001F671A /* BrowseBreedsVC.swift */ = {isa = PBXFileReference; lastKnownFileType = sourcecode.swift; path = BrowseBreedsVC.swift; sourceTree = "<group>"; };
		BCBC23BB2BA2CCE6001F671A /* MainTabBarVC.swift */ = {isa = PBXFileReference; lastKnownFileType = sourcecode.swift; path = MainTabBarVC.swift; sourceTree = "<group>"; };
		BCBC23BD2BA2CD48001F671A /* Symbols.swift */ = {isa = PBXFileReference; lastKnownFileType = sourcecode.swift; path = Symbols.swift; sourceTree = "<group>"; };
		BCBC23BF2BA2D1A0001F671A /* BrowseBreedsView.swift */ = {isa = PBXFileReference; lastKnownFileType = sourcecode.swift; path = BrowseBreedsView.swift; sourceTree = "<group>"; };
		BCBC23C12BA2D275001F671A /* Fonts.swift */ = {isa = PBXFileReference; lastKnownFileType = sourcecode.swift; path = Fonts.swift; sourceTree = "<group>"; };
		BCBC23C32BA2D35F001F671A /* BreedCell.swift */ = {isa = PBXFileReference; lastKnownFileType = sourcecode.swift; path = BreedCell.swift; sourceTree = "<group>"; };
		BCBC23C52BA2D49B001F671A /* LoadingState.swift */ = {isa = PBXFileReference; lastKnownFileType = sourcecode.swift; path = LoadingState.swift; sourceTree = "<group>"; };
		BCBC23C72BA2D5B5001F671A /* BrowseBreedsDeleSource.swift */ = {isa = PBXFileReference; lastKnownFileType = sourcecode.swift; path = BrowseBreedsDeleSource.swift; sourceTree = "<group>"; };
		BCBC23C92BA2D7A5001F671A /* Sound.swift */ = {isa = PBXFileReference; lastKnownFileType = sourcecode.swift; path = Sound.swift; sourceTree = "<group>"; };
		BCBC23CB2BA2D7FA001F671A /* SoundPlayer.swift */ = {isa = PBXFileReference; lastKnownFileType = sourcecode.swift; path = SoundPlayer.swift; sourceTree = "<group>"; };
		BCBC23CD2BA2DC31001F671A /* chime.mp3 */ = {isa = PBXFileReference; lastKnownFileType = audio.mp3; path = chime.mp3; sourceTree = "<group>"; };
		BCBC23CE2BA2DC31001F671A /* sadTrombone.mp3 */ = {isa = PBXFileReference; lastKnownFileType = audio.mp3; path = sadTrombone.mp3; sourceTree = "<group>"; };
		BCBC23D12BA2E729001F671A /* SortOrder.swift */ = {isa = PBXFileReference; lastKnownFileType = sourcecode.swift; path = SortOrder.swift; sourceTree = "<group>"; };
		BCBC23D32BA2E879001F671A /* SettingsView.swift */ = {isa = PBXFileReference; lastKnownFileType = sourcecode.swift; path = SettingsView.swift; sourceTree = "<group>"; };
		BCBC23D52BA2E9B6001F671A /* ImageCacheLoader.swift */ = {isa = PBXFileReference; lastKnownFileType = sourcecode.swift; path = ImageCacheLoader.swift; sourceTree = "<group>"; };
		BCBC23D72BA2EAB6001F671A /* BreedDetailView.swift */ = {isa = PBXFileReference; lastKnownFileType = sourcecode.swift; path = BreedDetailView.swift; sourceTree = "<group>"; };
		BCBC23D92BA2EF14001F671A /* World.swift */ = {isa = PBXFileReference; lastKnownFileType = sourcecode.swift; path = World.swift; sourceTree = "<group>"; };
		BCBC23DB2BA2EFA3001F671A /* SoundPlayerReal.swift */ = {isa = PBXFileReference; lastKnownFileType = sourcecode.swift; path = SoundPlayerReal.swift; sourceTree = "<group>"; };
		BCBC23DD2BA2F074001F671A /* SoundPlayerDummy.swift */ = {isa = PBXFileReference; lastKnownFileType = sourcecode.swift; path = SoundPlayerDummy.swift; sourceTree = "<group>"; };
		BCBC23DF2BA2F0F5001F671A /* GetterSetter.swift */ = {isa = PBXFileReference; lastKnownFileType = sourcecode.swift; path = GetterSetter.swift; sourceTree = "<group>"; };
		BCBC23E12BA2F113001F671A /* GetterSetterReal.swift */ = {isa = PBXFileReference; lastKnownFileType = sourcecode.swift; path = GetterSetterReal.swift; sourceTree = "<group>"; };
		BCBC23E32BA2F13A001F671A /* GetterSetterFake.swift */ = {isa = PBXFileReference; lastKnownFileType = sourcecode.swift; path = GetterSetterFake.swift; sourceTree = "<group>"; };
		BCBC23E52BA2F18C001F671A /* Settings.swift */ = {isa = PBXFileReference; lastKnownFileType = sourcecode.swift; path = Settings.swift; sourceTree = "<group>"; };
		BCBC23E72BA2F218001F671A /* BreedsURL.swift */ = {isa = PBXFileReference; lastKnownFileType = sourcecode.swift; path = BreedsURL.swift; sourceTree = "<group>"; };
		BCBC23EB2BA2F2AB001F671A /* SessionType.swift */ = {isa = PBXFileReference; lastKnownFileType = sourcecode.swift; path = SessionType.swift; sourceTree = "<group>"; };
		BCBC23ED2BA2F2F2001F671A /* URLSessionExtension.swift */ = {isa = PBXFileReference; lastKnownFileType = sourcecode.swift; path = URLSessionExtension.swift; sourceTree = "<group>"; };
		BCBC23EF2BA2F365001F671A /* MockData.swift */ = {isa = PBXFileReference; lastKnownFileType = sourcecode.swift; path = MockData.swift; sourceTree = "<group>"; };
		BCBC23F12BA2F3B1001F671A /* URLProtocolStub.swift */ = {isa = PBXFileReference; lastKnownFileType = sourcecode.swift; path = URLProtocolStub.swift; sourceTree = "<group>"; };
		BCBC23F42BA2F4AE001F671A /* Abyssinian.jpg */ = {isa = PBXFileReference; lastKnownFileType = image.jpeg; path = Abyssinian.jpg; sourceTree = "<group>"; };
		BCBC23F52BA2F4AE001F671A /* Balinese.jpg */ = {isa = PBXFileReference; lastKnownFileType = image.jpeg; path = Balinese.jpg; sourceTree = "<group>"; };
		BCBC23F62BA2F4AE001F671A /* Bengal.jpg */ = {isa = PBXFileReference; lastKnownFileType = image.jpeg; path = Bengal.jpg; sourceTree = "<group>"; };
		BCBC23F72BA2F4AE001F671A /* Burmese.jpg */ = {isa = PBXFileReference; lastKnownFileType = image.jpeg; path = Burmese.jpg; sourceTree = "<group>"; };
		BCBC23F82BA2F4AE001F671A /* CloudedLeopard.jpg */ = {isa = PBXFileReference; lastKnownFileType = image.jpeg; path = CloudedLeopard.jpg; sourceTree = "<group>"; };
		BCBC23F92BA2F4AE001F671A /* DevonRex.jpg */ = {isa = PBXFileReference; lastKnownFileType = image.jpeg; path = DevonRex.jpg; sourceTree = "<group>"; };
		BCBC23FA2BA2F4AE001F671A /* EuropeanWildcat.jpg */ = {isa = PBXFileReference; lastKnownFileType = image.jpeg; path = EuropeanWildcat.jpg; sourceTree = "<group>"; };
		BCBC23FB2BA2F4AE001F671A /* MaineCoon.jpg */ = {isa = PBXFileReference; lastKnownFileType = image.jpeg; path = MaineCoon.jpg; sourceTree = "<group>"; };
		BCBC23FC2BA2F4AE001F671A /* Manx.jpg */ = {isa = PBXFileReference; lastKnownFileType = image.jpeg; path = Manx.jpg; sourceTree = "<group>"; };
		BCBC23FD2BA2F4AE001F671A /* Ragdoll.jpg */ = {isa = PBXFileReference; lastKnownFileType = image.jpeg; path = Ragdoll.jpg; sourceTree = "<group>"; };
		BCBC23FE2BA2F4AE001F671A /* RussianBlue.jpg */ = {isa = PBXFileReference; lastKnownFileType = image.jpeg; path = RussianBlue.jpg; sourceTree = "<group>"; };
		BCBC23FF2BA2F4AE001F671A /* Sand.jpg */ = {isa = PBXFileReference; lastKnownFileType = image.jpeg; path = Sand.jpg; sourceTree = "<group>"; };
		BCBC24002BA2F4AE001F671A /* Savannah.jpg */ = {isa = PBXFileReference; lastKnownFileType = image.jpeg; path = Savannah.jpg; sourceTree = "<group>"; };
		BCBC24012BA2F4AE001F671A /* Serval.jpg */ = {isa = PBXFileReference; lastKnownFileType = image.jpeg; path = Serval.jpg; sourceTree = "<group>"; };
		BCBC24022BA2F4AE001F671A /* Siamese.jpg */ = {isa = PBXFileReference; lastKnownFileType = image.jpeg; path = Siamese.jpg; sourceTree = "<group>"; };
		BCBC24032BA2F4AE001F671A /* Smilodon.jpg */ = {isa = PBXFileReference; lastKnownFileType = image.jpeg; path = Smilodon.jpg; sourceTree = "<group>"; };
		BCBC24042BA2F4AE001F671A /* Tonkinese.jpg */ = {isa = PBXFileReference; lastKnownFileType = image.jpeg; path = Tonkinese.jpg; sourceTree = "<group>"; };
		BCBC24052BA2F4AE001F671A /* TurkishAngora.jpg */ = {isa = PBXFileReference; lastKnownFileType = image.jpeg; path = TurkishAngora.jpg; sourceTree = "<group>"; };
		BCBC24062BA2F4AE001F671A /* Van.jpg */ = {isa = PBXFileReference; lastKnownFileType = image.jpeg; path = Van.jpg; sourceTree = "<group>"; };
		BCBC24082BA2F4AE001F671A /* breeds.json */ = {isa = PBXFileReference; fileEncoding = 4; lastKnownFileType = text.json; path = breeds.json; sourceTree = "<group>"; };
		BCBC24092BA2F4AE001F671A /* breeds_with_more.json */ = {isa = PBXFileReference; fileEncoding = 4; lastKnownFileType = text.json; path = breeds_with_more.json; sourceTree = "<group>"; };
		BCBC240A2BA2F4AE001F671A /* breeds_malformed.json */ = {isa = PBXFileReference; fileEncoding = 4; lastKnownFileType = text.json; path = breeds_malformed.json; sourceTree = "<group>"; };
		BCBC240B2BA2F4AE001F671A /* breeds_empty.json */ = {isa = PBXFileReference; fileEncoding = 4; lastKnownFileType = text.json; path = breeds_empty.json; sourceTree = "<group>"; };
		BCBC24242BA301E2001F671A /* Coordinator.swift */ = {isa = PBXFileReference; lastKnownFileType = sourcecode.swift; path = Coordinator.swift; sourceTree = "<group>"; };
		BCBC24262BA3020C001F671A /* BreedCoordinator.swift */ = {isa = PBXFileReference; lastKnownFileType = sourcecode.swift; path = BreedCoordinator.swift; sourceTree = "<group>"; };
		BCBC24282BA302C4001F671A /* BrowseBreedsDelegate.swift */ = {isa = PBXFileReference; lastKnownFileType = sourcecode.swift; path = BrowseBreedsDelegate.swift; sourceTree = "<group>"; };
		BCBC242A2BA30397001F671A /* BreedDetailDelegate.swift */ = {isa = PBXFileReference; lastKnownFileType = sourcecode.swift; path = BreedDetailDelegate.swift; sourceTree = "<group>"; };
		BCBC242C2BA30750001F671A /* SettingsCoordinator.swift */ = {isa = PBXFileReference; lastKnownFileType = sourcecode.swift; path = SettingsCoordinator.swift; sourceTree = "<group>"; };
		BCBC24352BA30A26001F671A /* main.swift */ = {isa = PBXFileReference; lastKnownFileType = sourcecode.swift; path = main.swift; sourceTree = "<group>"; };
		BCBC24372BA30AD8001F671A /* TestingAppDelegate.swift */ = {isa = PBXFileReference; lastKnownFileType = sourcecode.swift; path = TestingAppDelegate.swift; sourceTree = "<group>"; };
		BCBC24392BA30AFF001F671A /* TestingSceneDelegate.swift */ = {isa = PBXFileReference; lastKnownFileType = sourcecode.swift; path = TestingSceneDelegate.swift; sourceTree = "<group>"; };
		BCBC243B2BA30B1B001F671A /* TestingRootVC.swift */ = {isa = PBXFileReference; lastKnownFileType = sourcecode.swift; path = TestingRootVC.swift; sourceTree = "<group>"; };
		BCBC243D2BA31199001F671A /* BreedDetailVCTests.swift */ = {isa = PBXFileReference; lastKnownFileType = sourcecode.swift; path = BreedDetailVCTests.swift; sourceTree = "<group>"; };
		BCBC243F2BA315AB001F671A /* BrowseBreedsVCTests.swift */ = {isa = PBXFileReference; lastKnownFileType = sourcecode.swift; path = BrowseBreedsVCTests.swift; sourceTree = "<group>"; };
		BCBC24412BA31A15001F671A /* MainTabBarVCTests.swift */ = {isa = PBXFileReference; lastKnownFileType = sourcecode.swift; path = MainTabBarVCTests.swift; sourceTree = "<group>"; };
/* End PBXFileReference section */

/* Begin PBXFrameworksBuildPhase section */
		BCBC23622BA2BB1A001F671A /* Frameworks */ = {
			isa = PBXFrameworksBuildPhase;
			buildActionMask = 2147483647;
			files = (
			);
			runOnlyForDeploymentPostprocessing = 0;
		};
		BCBC23782BA2BB1B001F671A /* Frameworks */ = {
			isa = PBXFrameworksBuildPhase;
			buildActionMask = 2147483647;
			files = (
			);
			runOnlyForDeploymentPostprocessing = 0;
		};
/* End PBXFrameworksBuildPhase section */

/* Begin PBXGroup section */
		BCBC235C2BA2BB1A001F671A = {
			isa = PBXGroup;
			children = (
				BCBC23672BA2BB1A001F671A /* CatFancyUIKit */,
				BCBC237E2BA2BB1B001F671A /* CatFancyUIKitTests */,
				BCBC23882BA2BB1B001F671A /* CatFancyUIKitUITests */,
				BCBC23662BA2BB1A001F671A /* Products */,
			);
			sourceTree = "<group>";
		};
		BCBC23662BA2BB1A001F671A /* Products */ = {
			isa = PBXGroup;
			children = (
				BCBC23652BA2BB1A001F671A /* CatFancyUIKit.app */,
				BCBC237B2BA2BB1B001F671A /* CatFancyUIKitTests.xctest */,
			);
			name = Products;
			sourceTree = "<group>";
		};
		BCBC23672BA2BB1A001F671A /* CatFancyUIKit */ = {
			isa = PBXGroup;
			children = (
				BCBC23A82BA2C66C001F671A /* Assets */,
				BCBC23A72BA2C668001F671A /* Controllers */,
				BCBC23A62BA2C665001F671A /* Delegates */,
				BCBC239D2BA2C0DC001F671A /* Helpers */,
				BCBC23762BA2BB1B001F671A /* Info.plist */,
				BCBC23F32BA2F491001F671A /* MockData */,
				BCBC23982BA2BF51001F671A /* Models */,
				BCBC24232BA3011A001F671A /* Navigation */,
				BCBC23A52BA2C663001F671A /* Views */,
			);
			path = CatFancyUIKit;
			sourceTree = "<group>";
		};
		BCBC237E2BA2BB1B001F671A /* CatFancyUIKitTests */ = {
			isa = PBXGroup;
			children = (
				BCBC24322BA308A3001F671A /* Controllers */,
				BCBC24312BA308A1001F671A /* Delegates */,
				BCBC24302BA3089E001F671A /* Helpers */,
				BCBC242F2BA3089C001F671A /* Models */,
				BCBC24332BA308D1001F671A /* Navigation */,
				BCBC242E2BA30897001F671A /* Views */,
			);
			path = CatFancyUIKitTests;
			sourceTree = "<group>";
		};
		BCBC23882BA2BB1B001F671A /* CatFancyUIKitUITests */ = {
			isa = PBXGroup;
			children = (
				BCBC23892BA2BB1B001F671A /* CatFancyUIKitUITests.swift */,
			);
			path = CatFancyUIKitUITests;
			sourceTree = "<group>";
		};
		BCBC23982BA2BF51001F671A /* Models */ = {
			isa = PBXGroup;
			children = (
				BCBC23992BA2BF60001F671A /* Breed.swift */,
				BCBC239B2BA2C04E001F671A /* License.swift */,
				BCBC23A02BA2C1B5001F671A /* Breeds.swift */,
				BCBC23BD2BA2CD48001F671A /* Symbols.swift */,
				BCBC23C52BA2D49B001F671A /* LoadingState.swift */,
				BCBC23C92BA2D7A5001F671A /* Sound.swift */,
				BCBC23D12BA2E729001F671A /* SortOrder.swift */,
				BCBC23D92BA2EF14001F671A /* World.swift */,
				BCBC23E52BA2F18C001F671A /* Settings.swift */,
				BCBC23EB2BA2F2AB001F671A /* SessionType.swift */,
				BCBC23E72BA2F218001F671A /* BreedsURL.swift */,
			);
			path = Models;
			sourceTree = "<group>";
		};
		BCBC239D2BA2C0DC001F671A /* Helpers */ = {
			isa = PBXGroup;
			children = (
				BCBC23A22BA2C233001F671A /* BreedsLoader.swift */,
				BCBC23C12BA2D275001F671A /* Fonts.swift */,
				BCBC23D52BA2E9B6001F671A /* ImageCacheLoader.swift */,
				BCBC23A92BA2C73C001F671A /* Layout.swift */,
				BCBC23AB2BA2C7E5001F671A /* NSCoderExtension.swift */,
				BCBC23AD2BA2C840001F671A /* NSLayoutContstraintExtension.swift */,
				BCBC23CB2BA2D7FA001F671A /* SoundPlayer.swift */,
				BCBC23DD2BA2F074001F671A /* SoundPlayerDummy.swift */,
				BCBC23DB2BA2EFA3001F671A /* SoundPlayerReal.swift */,
				BCBC23AF2BA2C89C001F671A /* UIViewControllerExtension.swift */,
				BCBC239E2BA2C0EA001F671A /* URLExtension.swift */,
				BCBC23B32BA2CA92001F671A /* UsesAutoLayout.swift */,
				BCBC23DF2BA2F0F5001F671A /* GetterSetter.swift */,
				BCBC23E12BA2F113001F671A /* GetterSetterReal.swift */,
				BCBC23E32BA2F13A001F671A /* GetterSetterFake.swift */,
				BCBC23ED2BA2F2F2001F671A /* URLSessionExtension.swift */,
				BCBC23F12BA2F3B1001F671A /* URLProtocolStub.swift */,
			);
			path = Helpers;
			sourceTree = "<group>";
		};
		BCBC23A52BA2C663001F671A /* Views */ = {
			isa = PBXGroup;
			children = (
				BCBC23BF2BA2D1A0001F671A /* BrowseBreedsView.swift */,
				BCBC23C32BA2D35F001F671A /* BreedCell.swift */,
				BCBC23D32BA2E879001F671A /* SettingsView.swift */,
				BCBC23D72BA2EAB6001F671A /* BreedDetailView.swift */,
			);
			path = Views;
			sourceTree = "<group>";
		};
		BCBC23A62BA2C665001F671A /* Delegates */ = {
			isa = PBXGroup;
			children = (
				BCBC23682BA2BB1A001F671A /* AppDelegate.swift */,
				BCBC236A2BA2BB1A001F671A /* SceneDelegate.swift */,
				BCBC23C72BA2D5B5001F671A /* BrowseBreedsDeleSource.swift */,
				BCBC24352BA30A26001F671A /* main.swift */,
			);
			path = Delegates;
			sourceTree = "<group>";
		};
		BCBC23A72BA2C668001F671A /* Controllers */ = {
			isa = PBXGroup;
			children = (
				BCBC23B52BA2CB2E001F671A /* SettingsVC.swift */,
				BCBC23BB2BA2CCE6001F671A /* MainTabBarVC.swift */,
				BCBC23B72BA2CC41001F671A /* BreedDetailVC.swift */,
				BCBC23B92BA2CC63001F671A /* BrowseBreedsVC.swift */,
			);
			path = Controllers;
			sourceTree = "<group>";
		};
		BCBC23A82BA2C66C001F671A /* Assets */ = {
			isa = PBXGroup;
			children = (
				BCBC23CD2BA2DC31001F671A /* chime.mp3 */,
				BCBC23CE2BA2DC31001F671A /* sadTrombone.mp3 */,
				BCBC23712BA2BB1B001F671A /* Assets.xcassets */,
				BCBC23732BA2BB1B001F671A /* LaunchScreen.storyboard */,
			);
			path = Assets;
			sourceTree = "<group>";
		};
		BCBC23F32BA2F491001F671A /* MockData */ = {
			isa = PBXGroup;
			children = (
				BCBC240B2BA2F4AE001F671A /* breeds_empty.json */,
				BCBC240A2BA2F4AE001F671A /* breeds_malformed.json */,
				BCBC24092BA2F4AE001F671A /* breeds_with_more.json */,
				BCBC24082BA2F4AE001F671A /* breeds.json */,
				BCBC24072BA2F4AE001F671A /* CatImages */,
				BCBC23EF2BA2F365001F671A /* MockData.swift */,
			);
			path = MockData;
			sourceTree = "<group>";
		};
		BCBC24072BA2F4AE001F671A /* CatImages */ = {
			isa = PBXGroup;
			children = (
				BCBC23F42BA2F4AE001F671A /* Abyssinian.jpg */,
				BCBC23F52BA2F4AE001F671A /* Balinese.jpg */,
				BCBC23F62BA2F4AE001F671A /* Bengal.jpg */,
				BCBC23F72BA2F4AE001F671A /* Burmese.jpg */,
				BCBC23F82BA2F4AE001F671A /* CloudedLeopard.jpg */,
				BCBC23F92BA2F4AE001F671A /* DevonRex.jpg */,
				BCBC23FA2BA2F4AE001F671A /* EuropeanWildcat.jpg */,
				BCBC23FB2BA2F4AE001F671A /* MaineCoon.jpg */,
				BCBC23FC2BA2F4AE001F671A /* Manx.jpg */,
				BCBC23FD2BA2F4AE001F671A /* Ragdoll.jpg */,
				BCBC23FE2BA2F4AE001F671A /* RussianBlue.jpg */,
				BCBC23FF2BA2F4AE001F671A /* Sand.jpg */,
				BCBC24002BA2F4AE001F671A /* Savannah.jpg */,
				BCBC24012BA2F4AE001F671A /* Serval.jpg */,
				BCBC24022BA2F4AE001F671A /* Siamese.jpg */,
				BCBC24032BA2F4AE001F671A /* Smilodon.jpg */,
				BCBC24042BA2F4AE001F671A /* Tonkinese.jpg */,
				BCBC24052BA2F4AE001F671A /* TurkishAngora.jpg */,
				BCBC24062BA2F4AE001F671A /* Van.jpg */,
			);
			path = CatImages;
			sourceTree = "<group>";
		};
		BCBC24232BA3011A001F671A /* Navigation */ = {
			isa = PBXGroup;
			children = (
				BCBC24242BA301E2001F671A /* Coordinator.swift */,
				BCBC24262BA3020C001F671A /* BreedCoordinator.swift */,
				BCBC24282BA302C4001F671A /* BrowseBreedsDelegate.swift */,
				BCBC242A2BA30397001F671A /* BreedDetailDelegate.swift */,
				BCBC242C2BA30750001F671A /* SettingsCoordinator.swift */,
			);
			path = Navigation;
			sourceTree = "<group>";
		};
		BCBC242E2BA30897001F671A /* Views */ = {
			isa = PBXGroup;
			children = (
				BC994B0D2BA41EC600B4C411 /* BreedCellTests.swift */,
				BC994B0F2BA41F1500B4C411 /* BreedDetailViewTests.swift */,
				BC994B112BA41F8C00B4C411 /* BrowseBreedsViewTests.swift */,
			);
			path = Views;
			sourceTree = "<group>";
		};
		BCBC242F2BA3089C001F671A /* Models */ = {
			isa = PBXGroup;
			children = (
				BC994AFF2BA41A6200B4C411 /* BreedsURLTests.swift */,
				BC994B012BA41ACF00B4C411 /* LicenseTests.swift */,
				BC994B032BA41B3000B4C411 /* SettingsTests.swift */,
				BC994B052BA41B9E00B4C411 /* SortOrderTests.swift */,
				BC994B072BA41D4C00B4C411 /* WorldTests.swift */,
			);
			path = Models;
			sourceTree = "<group>";
		};
		BCBC24302BA3089E001F671A /* Helpers */ = {
			isa = PBXGroup;
			children = (
				BC994AE72BA3C71300B4C411 /* BreedsLoaderTests.swift */,
				BC994AE92BA3C8B000B4C411 /* GetterSetterFakeTests.swift */,
				BC994AED2BA3C97B00B4C411 /* GetterSetterRealTests.swift */,
				BC994AEF2BA3C9FB00B4C411 /* ImageCacheLoaderTests.swift */,
				BC994AF12BA3CCD800B4C411 /* NSLayoutConstraintExtensionTests.swift */,
				BC994AF32BA406B700B4C411 /* SoundPlayerDummyTests.swift */,
				BC994AF52BA406DF00B4C411 /* SoundPlayerRealTests.swift */,
				BC994AF72BA407E700B4C411 /* UIViewControllerExtensionTests.swift */,
				BC994AF92BA408E900B4C411 /* URLProtocolStubTests.swift */,
				BC994AFB2BA4195500B4C411 /* URLSessionExtensionTests.swift */,
				BC994AFD2BA419C100B4C411 /* UsesAutoLayoutTests.swift */,
			);
			path = Helpers;
			sourceTree = "<group>";
		};
		BCBC24312BA308A1001F671A /* Delegates */ = {
			isa = PBXGroup;
			children = (
				BCBC24372BA30AD8001F671A /* TestingAppDelegate.swift */,
				BCBC24392BA30AFF001F671A /* TestingSceneDelegate.swift */,
				BCBC243B2BA30B1B001F671A /* TestingRootVC.swift */,
				BC994AE52BA3C68B00B4C411 /* AppDelegateTests.swift */,
			);
			path = Delegates;
			sourceTree = "<group>";
		};
		BCBC24322BA308A3001F671A /* Controllers */ = {
			isa = PBXGroup;
			children = (
				BCBC243D2BA31199001F671A /* BreedDetailVCTests.swift */,
				BCBC243F2BA315AB001F671A /* BrowseBreedsVCTests.swift */,
				BCBC24412BA31A15001F671A /* MainTabBarVCTests.swift */,
				BC994AE32BA3C52000B4C411 /* SettingsVCTests.swift */,
			);
			path = Controllers;
			sourceTree = "<group>";
		};
		BCBC24332BA308D1001F671A /* Navigation */ = {
			isa = PBXGroup;
			children = (
				BC994B092BA41DB800B4C411 /* BreedCoordinatorTests.swift */,
				BC994B0B2BA41E1C00B4C411 /* SettingsCoordinatorTests.swift */,
			);
			path = Navigation;
			sourceTree = "<group>";
		};
/* End PBXGroup section */

/* Begin PBXNativeTarget section */
		BCBC23642BA2BB1A001F671A /* CatFancyUIKit */ = {
			isa = PBXNativeTarget;
			buildConfigurationList = BCBC238F2BA2BB1B001F671A /* Build configuration list for PBXNativeTarget "CatFancyUIKit" */;
			buildPhases = (
				BCBC23612BA2BB1A001F671A /* Sources */,
				BCBC23622BA2BB1A001F671A /* Frameworks */,
				BCBC23632BA2BB1A001F671A /* Resources */,
			);
			buildRules = (
			);
			dependencies = (
			);
			name = CatFancyUIKit;
			productName = CatFancyUIKit;
			productReference = BCBC23652BA2BB1A001F671A /* CatFancyUIKit.app */;
			productType = "com.apple.product-type.application";
		};
		BCBC237A2BA2BB1B001F671A /* CatFancyUIKitTests */ = {
			isa = PBXNativeTarget;
			buildConfigurationList = BCBC23922BA2BB1B001F671A /* Build configuration list for PBXNativeTarget "CatFancyUIKitTests" */;
			buildPhases = (
				BCBC23772BA2BB1B001F671A /* Sources */,
				BCBC23782BA2BB1B001F671A /* Frameworks */,
				BCBC23792BA2BB1B001F671A /* Resources */,
			);
			buildRules = (
			);
			dependencies = (
				BCBC237D2BA2BB1B001F671A /* PBXTargetDependency */,
			);
			name = CatFancyUIKitTests;
			productName = CatFancyUIKitTests;
			productReference = BCBC237B2BA2BB1B001F671A /* CatFancyUIKitTests.xctest */;
			productType = "com.apple.product-type.bundle.unit-test";
		};
/* End PBXNativeTarget section */

/* Begin PBXProject section */
		BCBC235D2BA2BB1A001F671A /* Project object */ = {
			isa = PBXProject;
			attributes = {
				BuildIndependentTargetsInParallel = 1;
				LastSwiftUpdateCheck = 1530;
				LastUpgradeCheck = 1530;
				TargetAttributes = {
					BCBC23642BA2BB1A001F671A = {
						CreatedOnToolsVersion = 15.3;
					};
					BCBC237A2BA2BB1B001F671A = {
						CreatedOnToolsVersion = 15.3;
						LastSwiftMigration = 1530;
						TestTargetID = BCBC23642BA2BB1A001F671A;
					};
				};
			};
			buildConfigurationList = BCBC23602BA2BB1A001F671A /* Build configuration list for PBXProject "CatFancyUIKit" */;
			compatibilityVersion = "Xcode 14.0";
			developmentRegion = en;
			hasScannedForEncodings = 0;
			knownRegions = (
				en,
				Base,
			);
			mainGroup = BCBC235C2BA2BB1A001F671A;
			productRefGroup = BCBC23662BA2BB1A001F671A /* Products */;
			projectDirPath = "";
			projectRoot = "";
			targets = (
				BCBC23642BA2BB1A001F671A /* CatFancyUIKit */,
				BCBC237A2BA2BB1B001F671A /* CatFancyUIKitTests */,
			);
		};
/* End PBXProject section */

/* Begin PBXResourcesBuildPhase section */
		BCBC23632BA2BB1A001F671A /* Resources */ = {
			isa = PBXResourcesBuildPhase;
			buildActionMask = 2147483647;
			files = (
				BCBC24222BA2F4AE001F671A /* breeds_empty.json in Resources */,
				BCBC24112BA2F4AE001F671A /* DevonRex.jpg in Resources */,
				BCBC24132BA2F4AE001F671A /* MaineCoon.jpg in Resources */,
				BCBC241A2BA2F4AE001F671A /* Siamese.jpg in Resources */,
				BCBC240D2BA2F4AE001F671A /* Balinese.jpg in Resources */,
				BCBC241B2BA2F4AE001F671A /* Smilodon.jpg in Resources */,
				BCBC24152BA2F4AE001F671A /* Ragdoll.jpg in Resources */,
				BCBC241D2BA2F4AE001F671A /* TurkishAngora.jpg in Resources */,
				BCBC23CF2BA2DC31001F671A /* chime.mp3 in Resources */,
				BCBC24102BA2F4AE001F671A /* CloudedLeopard.jpg in Resources */,
				BCBC24202BA2F4AE001F671A /* breeds_with_more.json in Resources */,
				BCBC24212BA2F4AE001F671A /* breeds_malformed.json in Resources */,
				BCBC23722BA2BB1B001F671A /* Assets.xcassets in Resources */,
				BCBC241C2BA2F4AE001F671A /* Tonkinese.jpg in Resources */,
				BCBC24122BA2F4AE001F671A /* EuropeanWildcat.jpg in Resources */,
				BCBC240C2BA2F4AE001F671A /* Abyssinian.jpg in Resources */,
				BCBC241E2BA2F4AE001F671A /* Van.jpg in Resources */,
				BCBC240E2BA2F4AE001F671A /* Bengal.jpg in Resources */,
				BCBC240F2BA2F4AE001F671A /* Burmese.jpg in Resources */,
				BCBC241F2BA2F4AE001F671A /* breeds.json in Resources */,
				BCBC23752BA2BB1B001F671A /* Base in Resources */,
				BCBC24182BA2F4AE001F671A /* Savannah.jpg in Resources */,
				BCBC23D02BA2DC31001F671A /* sadTrombone.mp3 in Resources */,
				BCBC24192BA2F4AE001F671A /* Serval.jpg in Resources */,
				BCBC24172BA2F4AE001F671A /* Sand.jpg in Resources */,
				BCBC24162BA2F4AE001F671A /* RussianBlue.jpg in Resources */,
				BCBC24142BA2F4AE001F671A /* Manx.jpg in Resources */,
			);
			runOnlyForDeploymentPostprocessing = 0;
		};
		BCBC23792BA2BB1B001F671A /* Resources */ = {
			isa = PBXResourcesBuildPhase;
			buildActionMask = 2147483647;
			files = (
			);
			runOnlyForDeploymentPostprocessing = 0;
		};
/* End PBXResourcesBuildPhase section */

/* Begin PBXSourcesBuildPhase section */
		BCBC23612BA2BB1A001F671A /* Sources */ = {
			isa = PBXSourcesBuildPhase;
			buildActionMask = 2147483647;
			files = (
				BCBC23CA2BA2D7A5001F671A /* Sound.swift in Sources */,
				BCBC23B82BA2CC41001F671A /* BreedDetailVC.swift in Sources */,
				BCBC24362BA30A26001F671A /* main.swift in Sources */,
				BCBC23B62BA2CB2E001F671A /* SettingsVC.swift in Sources */,
				BCBC24292BA302C4001F671A /* BrowseBreedsDelegate.swift in Sources */,
				BCBC23DA2BA2EF14001F671A /* World.swift in Sources */,
				BCBC23E62BA2F18C001F671A /* Settings.swift in Sources */,
				BCBC23A12BA2C1B5001F671A /* Breeds.swift in Sources */,
				BCBC23DE2BA2F074001F671A /* SoundPlayerDummy.swift in Sources */,
				BCBC242B2BA30397001F671A /* BreedDetailDelegate.swift in Sources */,
				BCBC23A32BA2C233001F671A /* BreedsLoader.swift in Sources */,
				BCBC23BE2BA2CD48001F671A /* Symbols.swift in Sources */,
				BCBC23C82BA2D5B5001F671A /* BrowseBreedsDeleSource.swift in Sources */,
				BCBC23C02BA2D1A0001F671A /* BrowseBreedsView.swift in Sources */,
				BCBC239A2BA2BF60001F671A /* Breed.swift in Sources */,
				BCBC239C2BA2C04E001F671A /* License.swift in Sources */,
				BCBC23D22BA2E729001F671A /* SortOrder.swift in Sources */,
				BCBC23EE2BA2F2F2001F671A /* URLSessionExtension.swift in Sources */,
				BCBC23CC2BA2D7FA001F671A /* SoundPlayer.swift in Sources */,
				BCBC23F02BA2F365001F671A /* MockData.swift in Sources */,
				BCBC23C42BA2D35F001F671A /* BreedCell.swift in Sources */,
				BCBC23E02BA2F0F5001F671A /* GetterSetter.swift in Sources */,
				BCBC23F22BA2F3B1001F671A /* URLProtocolStub.swift in Sources */,
				BCBC23692BA2BB1A001F671A /* AppDelegate.swift in Sources */,
				BCBC23BC2BA2CCE6001F671A /* MainTabBarVC.swift in Sources */,
				BCBC24252BA301E2001F671A /* Coordinator.swift in Sources */,
				BCBC24272BA3020C001F671A /* BreedCoordinator.swift in Sources */,
				BCBC23EC2BA2F2AB001F671A /* SessionType.swift in Sources */,
				BCBC23AA2BA2C73C001F671A /* Layout.swift in Sources */,
				BCBC23BA2BA2CC63001F671A /* BrowseBreedsVC.swift in Sources */,
				BCBC23AE2BA2C840001F671A /* NSLayoutContstraintExtension.swift in Sources */,
				BCBC236B2BA2BB1A001F671A /* SceneDelegate.swift in Sources */,
				BCBC23C62BA2D49B001F671A /* LoadingState.swift in Sources */,
				BCBC23AC2BA2C7E5001F671A /* NSCoderExtension.swift in Sources */,
				BCBC23D62BA2E9B6001F671A /* ImageCacheLoader.swift in Sources */,
				BCBC23B02BA2C89C001F671A /* UIViewControllerExtension.swift in Sources */,
				BCBC23DC2BA2EFA3001F671A /* SoundPlayerReal.swift in Sources */,
				BCBC23B42BA2CA92001F671A /* UsesAutoLayout.swift in Sources */,
				BCBC23E42BA2F13A001F671A /* GetterSetterFake.swift in Sources */,
				BCBC23E22BA2F113001F671A /* GetterSetterReal.swift in Sources */,
				BCBC23D82BA2EAB6001F671A /* BreedDetailView.swift in Sources */,
				BCBC242D2BA30750001F671A /* SettingsCoordinator.swift in Sources */,
				BCBC23C22BA2D275001F671A /* Fonts.swift in Sources */,
				BCBC239F2BA2C0EA001F671A /* URLExtension.swift in Sources */,
				BCBC23E82BA2F218001F671A /* BreedsURL.swift in Sources */,
				BCBC23D42BA2E879001F671A /* SettingsView.swift in Sources */,
			);
			runOnlyForDeploymentPostprocessing = 0;
		};
		BCBC23772BA2BB1B001F671A /* Sources */ = {
			isa = PBXSourcesBuildPhase;
			buildActionMask = 2147483647;
			files = (
				BC994B0E2BA41EC600B4C411 /* BreedCellTests.swift in Sources */,
				BC994AEA2BA3C8B000B4C411 /* GetterSetterFakeTests.swift in Sources */,
				BC994AE82BA3C71300B4C411 /* BreedsLoaderTests.swift in Sources */,
				BC994B002BA41A6200B4C411 /* BreedsURLTests.swift in Sources */,
				BC994AFA2BA408E900B4C411 /* URLProtocolStubTests.swift in Sources */,
				BC994AE62BA3C68B00B4C411 /* AppDelegateTests.swift in Sources */,
				BC994AFC2BA4195500B4C411 /* URLSessionExtensionTests.swift in Sources */,
				BC994B082BA41D4C00B4C411 /* WorldTests.swift in Sources */,
				BC994AF62BA406DF00B4C411 /* SoundPlayerRealTests.swift in Sources */,
				BC994AF02BA3C9FB00B4C411 /* ImageCacheLoaderTests.swift in Sources */,
				BCBC24402BA315AB001F671A /* BrowseBreedsVCTests.swift in Sources */,
				BC994AF42BA406B700B4C411 /* SoundPlayerDummyTests.swift in Sources */,
				BC994AFE2BA419C100B4C411 /* UsesAutoLayoutTests.swift in Sources */,
				BC994B0A2BA41DB800B4C411 /* BreedCoordinatorTests.swift in Sources */,
				BC994B0C2BA41E1C00B4C411 /* SettingsCoordinatorTests.swift in Sources */,
				BCBC243E2BA31199001F671A /* BreedDetailVCTests.swift in Sources */,
				BC994AE42BA3C52000B4C411 /* SettingsVCTests.swift in Sources */,
				BC994AF22BA3CCD800B4C411 /* NSLayoutConstraintExtensionTests.swift in Sources */,
				BC994B042BA41B3000B4C411 /* SettingsTests.swift in Sources */,
				BC994B022BA41ACF00B4C411 /* LicenseTests.swift in Sources */,
				BC994AEE2BA3C97B00B4C411 /* GetterSetterRealTests.swift in Sources */,
				BC994B062BA41B9E00B4C411 /* SortOrderTests.swift in Sources */,
				BCBC243A2BA30AFF001F671A /* TestingSceneDelegate.swift in Sources */,
				BC994AF82BA407E700B4C411 /* UIViewControllerExtensionTests.swift in Sources */,
				BC994B122BA41F8C00B4C411 /* BrowseBreedsViewTests.swift in Sources */,
				BC994B102BA41F1500B4C411 /* BreedDetailViewTests.swift in Sources */,
				BCBC24422BA31A15001F671A /* MainTabBarVCTests.swift in Sources */,
				BCBC243C2BA30B1B001F671A /* TestingRootVC.swift in Sources */,
				BCBC24382BA30AD8001F671A /* TestingAppDelegate.swift in Sources */,
			);
			runOnlyForDeploymentPostprocessing = 0;
		};
/* End PBXSourcesBuildPhase section */

/* Begin PBXTargetDependency section */
		BCBC237D2BA2BB1B001F671A /* PBXTargetDependency */ = {
			isa = PBXTargetDependency;
			target = BCBC23642BA2BB1A001F671A /* CatFancyUIKit */;
			targetProxy = BCBC237C2BA2BB1B001F671A /* PBXContainerItemProxy */;
		};
/* End PBXTargetDependency section */

/* Begin PBXVariantGroup section */
		BCBC23732BA2BB1B001F671A /* LaunchScreen.storyboard */ = {
			isa = PBXVariantGroup;
			children = (
				BCBC23742BA2BB1B001F671A /* Base */,
			);
			name = LaunchScreen.storyboard;
			sourceTree = "<group>";
		};
/* End PBXVariantGroup section */

/* Begin XCBuildConfiguration section */
		BCBC238D2BA2BB1B001F671A /* Debug */ = {
			isa = XCBuildConfiguration;
			buildSettings = {
				ALWAYS_SEARCH_USER_PATHS = NO;
				ASSETCATALOG_COMPILER_GENERATE_SWIFT_ASSET_SYMBOL_EXTENSIONS = YES;
				CLANG_ANALYZER_NONNULL = YES;
				CLANG_ANALYZER_NUMBER_OBJECT_CONVERSION = YES_AGGRESSIVE;
				CLANG_CXX_LANGUAGE_STANDARD = "gnu++20";
				CLANG_ENABLE_MODULES = YES;
				CLANG_ENABLE_OBJC_ARC = YES;
				CLANG_ENABLE_OBJC_WEAK = YES;
				CLANG_WARN_BLOCK_CAPTURE_AUTORELEASING = YES;
				CLANG_WARN_BOOL_CONVERSION = YES;
				CLANG_WARN_COMMA = YES;
				CLANG_WARN_CONSTANT_CONVERSION = YES;
				CLANG_WARN_DEPRECATED_OBJC_IMPLEMENTATIONS = YES;
				CLANG_WARN_DIRECT_OBJC_ISA_USAGE = YES_ERROR;
				CLANG_WARN_DOCUMENTATION_COMMENTS = YES;
				CLANG_WARN_EMPTY_BODY = YES;
				CLANG_WARN_ENUM_CONVERSION = YES;
				CLANG_WARN_INFINITE_RECURSION = YES;
				CLANG_WARN_INT_CONVERSION = YES;
				CLANG_WARN_NON_LITERAL_NULL_CONVERSION = YES;
				CLANG_WARN_OBJC_IMPLICIT_RETAIN_SELF = YES;
				CLANG_WARN_OBJC_LITERAL_CONVERSION = YES;
				CLANG_WARN_OBJC_ROOT_CLASS = YES_ERROR;
				CLANG_WARN_QUOTED_INCLUDE_IN_FRAMEWORK_HEADER = YES;
				CLANG_WARN_RANGE_LOOP_ANALYSIS = YES;
				CLANG_WARN_STRICT_PROTOTYPES = YES;
				CLANG_WARN_SUSPICIOUS_MOVE = YES;
				CLANG_WARN_UNGUARDED_AVAILABILITY = YES_AGGRESSIVE;
				CLANG_WARN_UNREACHABLE_CODE = YES;
				CLANG_WARN__DUPLICATE_METHOD_MATCH = YES;
				COPY_PHASE_STRIP = NO;
				DEBUG_INFORMATION_FORMAT = dwarf;
				ENABLE_STRICT_OBJC_MSGSEND = YES;
				ENABLE_TESTABILITY = YES;
				ENABLE_USER_SCRIPT_SANDBOXING = YES;
				GCC_C_LANGUAGE_STANDARD = gnu17;
				GCC_DYNAMIC_NO_PIC = NO;
				GCC_NO_COMMON_BLOCKS = YES;
				GCC_OPTIMIZATION_LEVEL = 0;
				GCC_PREPROCESSOR_DEFINITIONS = (
					"DEBUG=1",
					"$(inherited)",
				);
				GCC_WARN_64_TO_32_BIT_CONVERSION = YES;
				GCC_WARN_ABOUT_RETURN_TYPE = YES_ERROR;
				GCC_WARN_UNDECLARED_SELECTOR = YES;
				GCC_WARN_UNINITIALIZED_AUTOS = YES_AGGRESSIVE;
				GCC_WARN_UNUSED_FUNCTION = YES;
				GCC_WARN_UNUSED_VARIABLE = YES;
				IPHONEOS_DEPLOYMENT_TARGET = 17.4;
				LOCALIZATION_PREFERS_STRING_CATALOGS = YES;
				MTL_ENABLE_DEBUG_INFO = INCLUDE_SOURCE;
				MTL_FAST_MATH = YES;
				ONLY_ACTIVE_ARCH = YES;
				SDKROOT = iphoneos;
				SWIFT_ACTIVE_COMPILATION_CONDITIONS = "DEBUG $(inherited)";
				SWIFT_OPTIMIZATION_LEVEL = "-Onone";
			};
			name = Debug;
		};
		BCBC238E2BA2BB1B001F671A /* Release */ = {
			isa = XCBuildConfiguration;
			buildSettings = {
				ALWAYS_SEARCH_USER_PATHS = NO;
				ASSETCATALOG_COMPILER_GENERATE_SWIFT_ASSET_SYMBOL_EXTENSIONS = YES;
				CLANG_ANALYZER_NONNULL = YES;
				CLANG_ANALYZER_NUMBER_OBJECT_CONVERSION = YES_AGGRESSIVE;
				CLANG_CXX_LANGUAGE_STANDARD = "gnu++20";
				CLANG_ENABLE_MODULES = YES;
				CLANG_ENABLE_OBJC_ARC = YES;
				CLANG_ENABLE_OBJC_WEAK = YES;
				CLANG_WARN_BLOCK_CAPTURE_AUTORELEASING = YES;
				CLANG_WARN_BOOL_CONVERSION = YES;
				CLANG_WARN_COMMA = YES;
				CLANG_WARN_CONSTANT_CONVERSION = YES;
				CLANG_WARN_DEPRECATED_OBJC_IMPLEMENTATIONS = YES;
				CLANG_WARN_DIRECT_OBJC_ISA_USAGE = YES_ERROR;
				CLANG_WARN_DOCUMENTATION_COMMENTS = YES;
				CLANG_WARN_EMPTY_BODY = YES;
				CLANG_WARN_ENUM_CONVERSION = YES;
				CLANG_WARN_INFINITE_RECURSION = YES;
				CLANG_WARN_INT_CONVERSION = YES;
				CLANG_WARN_NON_LITERAL_NULL_CONVERSION = YES;
				CLANG_WARN_OBJC_IMPLICIT_RETAIN_SELF = YES;
				CLANG_WARN_OBJC_LITERAL_CONVERSION = YES;
				CLANG_WARN_OBJC_ROOT_CLASS = YES_ERROR;
				CLANG_WARN_QUOTED_INCLUDE_IN_FRAMEWORK_HEADER = YES;
				CLANG_WARN_RANGE_LOOP_ANALYSIS = YES;
				CLANG_WARN_STRICT_PROTOTYPES = YES;
				CLANG_WARN_SUSPICIOUS_MOVE = YES;
				CLANG_WARN_UNGUARDED_AVAILABILITY = YES_AGGRESSIVE;
				CLANG_WARN_UNREACHABLE_CODE = YES;
				CLANG_WARN__DUPLICATE_METHOD_MATCH = YES;
				COPY_PHASE_STRIP = NO;
				DEBUG_INFORMATION_FORMAT = "dwarf-with-dsym";
				ENABLE_NS_ASSERTIONS = NO;
				ENABLE_STRICT_OBJC_MSGSEND = YES;
				ENABLE_USER_SCRIPT_SANDBOXING = YES;
				GCC_C_LANGUAGE_STANDARD = gnu17;
				GCC_NO_COMMON_BLOCKS = YES;
				GCC_WARN_64_TO_32_BIT_CONVERSION = YES;
				GCC_WARN_ABOUT_RETURN_TYPE = YES_ERROR;
				GCC_WARN_UNDECLARED_SELECTOR = YES;
				GCC_WARN_UNINITIALIZED_AUTOS = YES_AGGRESSIVE;
				GCC_WARN_UNUSED_FUNCTION = YES;
				GCC_WARN_UNUSED_VARIABLE = YES;
				IPHONEOS_DEPLOYMENT_TARGET = 17.4;
				LOCALIZATION_PREFERS_STRING_CATALOGS = YES;
				MTL_ENABLE_DEBUG_INFO = NO;
				MTL_FAST_MATH = YES;
				SDKROOT = iphoneos;
				SWIFT_COMPILATION_MODE = wholemodule;
				VALIDATE_PRODUCT = YES;
			};
			name = Release;
		};
		BCBC23902BA2BB1B001F671A /* Debug */ = {
			isa = XCBuildConfiguration;
			buildSettings = {
				ASSETCATALOG_COMPILER_APPICON_NAME = AppIcon;
				ASSETCATALOG_COMPILER_GLOBAL_ACCENT_COLOR_NAME = AccentColor;
				CODE_SIGN_STYLE = Automatic;
				CURRENT_PROJECT_VERSION = 1;
				DEVELOPMENT_TEAM = KT6YTKK67V;
				GENERATE_INFOPLIST_FILE = YES;
				INFOPLIST_FILE = CatFancyUIKit/Info.plist;
				INFOPLIST_KEY_UIApplicationSupportsIndirectInputEvents = YES;
				INFOPLIST_KEY_UILaunchStoryboardName = LaunchScreen;
				INFOPLIST_KEY_UIMainStoryboardFile = "";
				INFOPLIST_KEY_UISupportedInterfaceOrientations_iPad = "UIInterfaceOrientationPortrait UIInterfaceOrientationPortraitUpsideDown UIInterfaceOrientationLandscapeLeft UIInterfaceOrientationLandscapeRight";
				INFOPLIST_KEY_UISupportedInterfaceOrientations_iPhone = "UIInterfaceOrientationPortrait UIInterfaceOrientationLandscapeLeft UIInterfaceOrientationLandscapeRight";
				LD_RUNPATH_SEARCH_PATHS = (
					"$(inherited)",
					"@executable_path/Frameworks",
				);
				MARKETING_VERSION = 1.0;
				PRODUCT_BUNDLE_IDENTIFIER = com.flauta.romeo.CatFancyUIKit;
				PRODUCT_NAME = "$(TARGET_NAME)";
				SWIFT_EMIT_LOC_STRINGS = YES;
				SWIFT_VERSION = 5.0;
				TARGETED_DEVICE_FAMILY = "1,2";
			};
			name = Debug;
		};
		BCBC23912BA2BB1B001F671A /* Release */ = {
			isa = XCBuildConfiguration;
			buildSettings = {
				ASSETCATALOG_COMPILER_APPICON_NAME = AppIcon;
				ASSETCATALOG_COMPILER_GLOBAL_ACCENT_COLOR_NAME = AccentColor;
				CODE_SIGN_STYLE = Automatic;
				CURRENT_PROJECT_VERSION = 1;
				DEVELOPMENT_TEAM = KT6YTKK67V;
				GENERATE_INFOPLIST_FILE = YES;
				INFOPLIST_FILE = CatFancyUIKit/Info.plist;
				INFOPLIST_KEY_UIApplicationSupportsIndirectInputEvents = YES;
				INFOPLIST_KEY_UILaunchStoryboardName = LaunchScreen;
				INFOPLIST_KEY_UIMainStoryboardFile = "";
				INFOPLIST_KEY_UISupportedInterfaceOrientations_iPad = "UIInterfaceOrientationPortrait UIInterfaceOrientationPortraitUpsideDown UIInterfaceOrientationLandscapeLeft UIInterfaceOrientationLandscapeRight";
				INFOPLIST_KEY_UISupportedInterfaceOrientations_iPhone = "UIInterfaceOrientationPortrait UIInterfaceOrientationLandscapeLeft UIInterfaceOrientationLandscapeRight";
				LD_RUNPATH_SEARCH_PATHS = (
					"$(inherited)",
					"@executable_path/Frameworks",
				);
				MARKETING_VERSION = 1.0;
				PRODUCT_BUNDLE_IDENTIFIER = com.flauta.romeo.CatFancyUIKit;
				PRODUCT_NAME = "$(TARGET_NAME)";
				SWIFT_EMIT_LOC_STRINGS = YES;
				SWIFT_VERSION = 5.0;
				TARGETED_DEVICE_FAMILY = "1,2";
			};
			name = Release;
		};
		BCBC23932BA2BB1B001F671A /* Debug */ = {
			isa = XCBuildConfiguration;
			buildSettings = {
				ALWAYS_EMBED_SWIFT_STANDARD_LIBRARIES = YES;
				BUNDLE_LOADER = "$(TEST_HOST)";
				CLANG_ENABLE_MODULES = YES;
				CODE_SIGN_STYLE = Automatic;
				CURRENT_PROJECT_VERSION = 1;
				DEVELOPMENT_TEAM = KT6YTKK67V;
				GENERATE_INFOPLIST_FILE = YES;
				IPHONEOS_DEPLOYMENT_TARGET = 17.4;
				MARKETING_VERSION = 1.0;
				PRODUCT_BUNDLE_IDENTIFIER = com.flauta.romeo.CatFancyUIKitTests;
				PRODUCT_NAME = "$(TARGET_NAME)";
				SWIFT_EMIT_LOC_STRINGS = NO;
				SWIFT_OPTIMIZATION_LEVEL = "-Onone";
				SWIFT_VERSION = 5.0;
				TARGETED_DEVICE_FAMILY = "1,2";
				TEST_HOST = "$(BUILT_PRODUCTS_DIR)/CatFancyUIKit.app/$(BUNDLE_EXECUTABLE_FOLDER_PATH)/CatFancyUIKit";
			};
			name = Debug;
		};
		BCBC23942BA2BB1B001F671A /* Release */ = {
			isa = XCBuildConfiguration;
			buildSettings = {
				ALWAYS_EMBED_SWIFT_STANDARD_LIBRARIES = YES;
				BUNDLE_LOADER = "$(TEST_HOST)";
				CLANG_ENABLE_MODULES = YES;
				CODE_SIGN_STYLE = Automatic;
				CURRENT_PROJECT_VERSION = 1;
				DEVELOPMENT_TEAM = KT6YTKK67V;
				GENERATE_INFOPLIST_FILE = YES;
				IPHONEOS_DEPLOYMENT_TARGET = 17.4;
				MARKETING_VERSION = 1.0;
				PRODUCT_BUNDLE_IDENTIFIER = com.flauta.romeo.CatFancyUIKitTests;
				PRODUCT_NAME = "$(TARGET_NAME)";
				SWIFT_EMIT_LOC_STRINGS = NO;
				SWIFT_VERSION = 5.0;
				TARGETED_DEVICE_FAMILY = "1,2";
				TEST_HOST = "$(BUILT_PRODUCTS_DIR)/CatFancyUIKit.app/$(BUNDLE_EXECUTABLE_FOLDER_PATH)/CatFancyUIKit";
			};
			name = Release;
		};
/* End XCBuildConfiguration section */

/* Begin XCConfigurationList section */
		BCBC23602BA2BB1A001F671A /* Build configuration list for PBXProject "CatFancyUIKit" */ = {
			isa = XCConfigurationList;
			buildConfigurations = (
				BCBC238D2BA2BB1B001F671A /* Debug */,
				BCBC238E2BA2BB1B001F671A /* Release */,
			);
			defaultConfigurationIsVisible = 0;
			defaultConfigurationName = Release;
		};
		BCBC238F2BA2BB1B001F671A /* Build configuration list for PBXNativeTarget "CatFancyUIKit" */ = {
			isa = XCConfigurationList;
			buildConfigurations = (
				BCBC23902BA2BB1B001F671A /* Debug */,
				BCBC23912BA2BB1B001F671A /* Release */,
			);
			defaultConfigurationIsVisible = 0;
			defaultConfigurationName = Release;
		};
		BCBC23922BA2BB1B001F671A /* Build configuration list for PBXNativeTarget "CatFancyUIKitTests" */ = {
			isa = XCConfigurationList;
			buildConfigurations = (
				BCBC23932BA2BB1B001F671A /* Debug */,
				BCBC23942BA2BB1B001F671A /* Release */,
			);
			defaultConfigurationIsVisible = 0;
			defaultConfigurationName = Release;
		};
/* End XCConfigurationList section */
	};
	rootObject = BCBC235D2BA2BB1A001F671A /* Project object */;
}
